// !$*UTF8*$!
{
	archiveVersion = 1;
	classes = {
	};
	objectVersion = 48;
	objects = {

/* Begin PBXBuildFile section */
		1842AE951FA97F6E0075BEF2 /* SWRevealViewController.m in Sources */ = {isa = PBXBuildFile; fileRef = 1842AE941FA97F6E0075BEF2 /* SWRevealViewController.m */; };
		185FCBC21FA9D78200D11A4D /* Main.storyboard in Resources */ = {isa = PBXBuildFile; fileRef = 185FCBC11FA9D75400D11A4D /* Main.storyboard */; };
		185FCBC41FA9D8A500D11A4D /* Roboto-Bold.ttf in Resources */ = {isa = PBXBuildFile; fileRef = 18C24B2F1FA9CE080095F260 /* Roboto-Bold.ttf */; };
		185FCBC51FA9D8A500D11A4D /* Roboto-Italic.ttf in Resources */ = {isa = PBXBuildFile; fileRef = 18C24B311FA9CE0D0095F260 /* Roboto-Italic.ttf */; };
		186FD4F81FAAD67200081D8A /* CornerRadius+UIVIew.swift in Sources */ = {isa = PBXBuildFile; fileRef = 186FD4F71FAAD67200081D8A /* CornerRadius+UIVIew.swift */; };
		186FD4FA1FAAD89900081D8A /* Padding+UITextField.swift in Sources */ = {isa = PBXBuildFile; fileRef = 186FD4F91FAAD89900081D8A /* Padding+UITextField.swift */; };
		186FD4FB1FAAE7E500081D8A /* BSKeyboardControls.swift in Sources */ = {isa = PBXBuildFile; fileRef = 187D4ADD1FA9961D00FA96DC /* BSKeyboardControls.swift */; };
		186FD4FD1FAB0DEA00081D8A /* DashboardViewController.swift in Sources */ = {isa = PBXBuildFile; fileRef = 186FD4FC1FAB0DEA00081D8A /* DashboardViewController.swift */; };
		186FD5021FAB0E4700081D8A /* ProductListViewController.swift in Sources */ = {isa = PBXBuildFile; fileRef = 186FD5011FAB0E4700081D8A /* ProductListViewController.swift */; };
		186FD5041FAB0E7B00081D8A /* SettingsViewController.swift in Sources */ = {isa = PBXBuildFile; fileRef = 186FD5031FAB0E7B00081D8A /* SettingsViewController.swift */; };
		186FD5061FAB0E8F00081D8A /* MessageViewController.swift in Sources */ = {isa = PBXBuildFile; fileRef = 186FD5051FAB0E8F00081D8A /* MessageViewController.swift */; };
		186FD50C1FAB176A00081D8A /* Montserrat-Bold.otf in Resources */ = {isa = PBXBuildFile; fileRef = 186FD50A1FAB16EA00081D8A /* Montserrat-Bold.otf */; };
		186FD50D1FAB176A00081D8A /* Montserrat-Light.otf in Resources */ = {isa = PBXBuildFile; fileRef = 186FD5091FAB16E200081D8A /* Montserrat-Light.otf */; };
		186FD50E1FAB176A00081D8A /* Montserrat-Medium.otf in Resources */ = {isa = PBXBuildFile; fileRef = 186FD50B1FAB16ED00081D8A /* Montserrat-Medium.otf */; };
		186FD50F1FAB176A00081D8A /* Montserrat-Regular.ttf in Resources */ = {isa = PBXBuildFile; fileRef = 186FD5071FAB16DD00081D8A /* Montserrat-Regular.ttf */; };
		186FD5101FAB176A00081D8A /* Montserrat-SemiBold.otf in Resources */ = {isa = PBXBuildFile; fileRef = 186FD5081FAB16DE00081D8A /* Montserrat-SemiBold.otf */; };
		187D4AD81FA9952A00FA96DC /* LoginViewController.swift in Sources */ = {isa = PBXBuildFile; fileRef = 187D4AD71FA9952A00FA96DC /* LoginViewController.swift */; };
		187D4ADC1FA9960000FA96DC /* Constant.swift in Sources */ = {isa = PBXBuildFile; fileRef = 187D4ADB1FA9960000FA96DC /* Constant.swift */; };
		187D4AE51FA996B700FA96DC /* ForgotPasswordViewController.swift in Sources */ = {isa = PBXBuildFile; fileRef = 187D4AE41FA996B700FA96DC /* ForgotPasswordViewController.swift */; };
		18956FF61FA8A736009DC63A /* AppDelegate.swift in Sources */ = {isa = PBXBuildFile; fileRef = 18956FF51FA8A736009DC63A /* AppDelegate.swift */; };
		18956FFD1FA8A736009DC63A /* Assets.xcassets in Resources */ = {isa = PBXBuildFile; fileRef = 18956FFC1FA8A736009DC63A /* Assets.xcassets */; };
		189570001FA8A736009DC63A /* LaunchScreen.storyboard in Resources */ = {isa = PBXBuildFile; fileRef = 18956FFE1FA8A736009DC63A /* LaunchScreen.storyboard */; };
		18BA7EDF1FAB256C00BA396E /* SideBarViewController.swift in Sources */ = {isa = PBXBuildFile; fileRef = 18BA7EDE1FAB256C00BA396E /* SideBarViewController.swift */; };
		18DA61701FAB4DC800330B96 /* MobileCoreServices.framework in Frameworks */ = {isa = PBXBuildFile; fileRef = 18DA616F1FAB4DC800330B96 /* MobileCoreServices.framework */; };
		A4B21DFC8726D53D04E60333 /* Pods_GoPurpose.framework in Frameworks */ = {isa = PBXBuildFile; fileRef = 154C9D793D75A26BEE0EC7EC /* Pods_GoPurpose.framework */; };
/* End PBXBuildFile section */

/* Begin PBXFileReference section */
		154C9D793D75A26BEE0EC7EC /* Pods_GoPurpose.framework */ = {isa = PBXFileReference; explicitFileType = wrapper.framework; includeInIndex = 0; path = Pods_GoPurpose.framework; sourceTree = BUILT_PRODUCTS_DIR; };
		1842AE921FA97F6D0075BEF2 /* GoPurpose-Bridging-Header.h */ = {isa = PBXFileReference; lastKnownFileType = sourcecode.c.h; path = "GoPurpose-Bridging-Header.h"; sourceTree = "<group>"; };
		1842AE931FA97F6E0075BEF2 /* SWRevealViewController.h */ = {isa = PBXFileReference; lastKnownFileType = sourcecode.c.h; path = SWRevealViewController.h; sourceTree = "<group>"; };
		1842AE941FA97F6E0075BEF2 /* SWRevealViewController.m */ = {isa = PBXFileReference; lastKnownFileType = sourcecode.c.objc; path = SWRevealViewController.m; sourceTree = "<group>"; };
		185FCBC11FA9D75400D11A4D /* Main.storyboard */ = {isa = PBXFileReference; lastKnownFileType = file.storyboard; path = Main.storyboard; sourceTree = "<group>"; };
		186FD4F71FAAD67200081D8A /* CornerRadius+UIVIew.swift */ = {isa = PBXFileReference; lastKnownFileType = sourcecode.swift; path = "CornerRadius+UIVIew.swift"; sourceTree = "<group>"; };
		186FD4F91FAAD89900081D8A /* Padding+UITextField.swift */ = {isa = PBXFileReference; lastKnownFileType = sourcecode.swift; path = "Padding+UITextField.swift"; sourceTree = "<group>"; };
		186FD4FC1FAB0DEA00081D8A /* DashboardViewController.swift */ = {isa = PBXFileReference; lastKnownFileType = sourcecode.swift; path = DashboardViewController.swift; sourceTree = "<group>"; };
		186FD5011FAB0E4700081D8A /* ProductListViewController.swift */ = {isa = PBXFileReference; lastKnownFileType = sourcecode.swift; path = ProductListViewController.swift; sourceTree = "<group>"; };
		186FD5031FAB0E7B00081D8A /* SettingsViewController.swift */ = {isa = PBXFileReference; lastKnownFileType = sourcecode.swift; path = SettingsViewController.swift; sourceTree = "<group>"; };
		186FD5051FAB0E8F00081D8A /* MessageViewController.swift */ = {isa = PBXFileReference; lastKnownFileType = sourcecode.swift; path = MessageViewController.swift; sourceTree = "<group>"; };
		186FD5071FAB16DD00081D8A /* Montserrat-Regular.ttf */ = {isa = PBXFileReference; lastKnownFileType = file; path = "Montserrat-Regular.ttf"; sourceTree = "<group>"; };
		186FD5081FAB16DE00081D8A /* Montserrat-SemiBold.otf */ = {isa = PBXFileReference; lastKnownFileType = file; path = "Montserrat-SemiBold.otf"; sourceTree = "<group>"; };
		186FD5091FAB16E200081D8A /* Montserrat-Light.otf */ = {isa = PBXFileReference; lastKnownFileType = file; path = "Montserrat-Light.otf"; sourceTree = "<group>"; };
		186FD50A1FAB16EA00081D8A /* Montserrat-Bold.otf */ = {isa = PBXFileReference; lastKnownFileType = file; path = "Montserrat-Bold.otf"; sourceTree = "<group>"; };
		186FD50B1FAB16ED00081D8A /* Montserrat-Medium.otf */ = {isa = PBXFileReference; lastKnownFileType = file; path = "Montserrat-Medium.otf"; sourceTree = "<group>"; };
		187D4AD51FA9943500FA96DC /* SCLExtensions.swift */ = {isa = PBXFileReference; lastKnownFileType = sourcecode.swift; path = SCLExtensions.swift; sourceTree = "<group>"; };
		187D4AD61FA9943500FA96DC /* SCLAlertView.swift */ = {isa = PBXFileReference; lastKnownFileType = sourcecode.swift; path = SCLAlertView.swift; sourceTree = "<group>"; };
		187D4AD71FA9952A00FA96DC /* LoginViewController.swift */ = {isa = PBXFileReference; lastKnownFileType = sourcecode.swift; path = LoginViewController.swift; sourceTree = "<group>"; };
		187D4ADB1FA9960000FA96DC /* Constant.swift */ = {isa = PBXFileReference; lastKnownFileType = sourcecode.swift; path = Constant.swift; sourceTree = "<group>"; };
		187D4ADD1FA9961D00FA96DC /* BSKeyboardControls.swift */ = {isa = PBXFileReference; lastKnownFileType = sourcecode.swift; path = BSKeyboardControls.swift; sourceTree = "<group>"; };
		187D4ADF1FA9963600FA96DC /* FontUtility.swift */ = {isa = PBXFileReference; lastKnownFileType = sourcecode.swift; path = FontUtility.swift; sourceTree = "<group>"; };
		187D4AE41FA996B700FA96DC /* ForgotPasswordViewController.swift */ = {isa = PBXFileReference; lastKnownFileType = sourcecode.swift; path = ForgotPasswordViewController.swift; sourceTree = "<group>"; };
		187D4AE61FA996F000FA96DC /* MenuViewController.swift */ = {isa = PBXFileReference; lastKnownFileType = sourcecode.swift; path = MenuViewController.swift; sourceTree = "<group>"; };
		18956FF21FA8A736009DC63A /* GoPurpose.app */ = {isa = PBXFileReference; explicitFileType = wrapper.application; includeInIndex = 0; path = GoPurpose.app; sourceTree = BUILT_PRODUCTS_DIR; };
		18956FF51FA8A736009DC63A /* AppDelegate.swift */ = {isa = PBXFileReference; lastKnownFileType = sourcecode.swift; path = AppDelegate.swift; sourceTree = "<group>"; };
		18956FFC1FA8A736009DC63A /* Assets.xcassets */ = {isa = PBXFileReference; lastKnownFileType = folder.assetcatalog; path = Assets.xcassets; sourceTree = "<group>"; };
		18956FFF1FA8A736009DC63A /* Base */ = {isa = PBXFileReference; lastKnownFileType = file.storyboard; name = Base; path = Base.lproj/LaunchScreen.storyboard; sourceTree = "<group>"; };
		189570011FA8A736009DC63A /* Info.plist */ = {isa = PBXFileReference; lastKnownFileType = text.plist.xml; path = Info.plist; sourceTree = "<group>"; };
		18BA7EDE1FAB256C00BA396E /* SideBarViewController.swift */ = {isa = PBXFileReference; lastKnownFileType = sourcecode.swift; path = SideBarViewController.swift; sourceTree = "<group>"; };
		18C24B2F1FA9CE080095F260 /* Roboto-Bold.ttf */ = {isa = PBXFileReference; lastKnownFileType = file; path = "Roboto-Bold.ttf"; sourceTree = "<group>"; };
		18C24B311FA9CE0D0095F260 /* Roboto-Italic.ttf */ = {isa = PBXFileReference; lastKnownFileType = file; path = "Roboto-Italic.ttf"; sourceTree = "<group>"; };
		18DA616F1FAB4DC800330B96 /* MobileCoreServices.framework */ = {isa = PBXFileReference; lastKnownFileType = wrapper.framework; name = MobileCoreServices.framework; path = System/Library/Frameworks/MobileCoreServices.framework; sourceTree = SDKROOT; };
		4A3F82356D05E80B9AED8C77 /* Pods-GoPurpose.debug.xcconfig */ = {isa = PBXFileReference; includeInIndex = 1; lastKnownFileType = text.xcconfig; name = "Pods-GoPurpose.debug.xcconfig"; path = "Pods/Target Support Files/Pods-GoPurpose/Pods-GoPurpose.debug.xcconfig"; sourceTree = "<group>"; };
		BABAA438305808A98519197A /* Pods-GoPurpose.release.xcconfig */ = {isa = PBXFileReference; includeInIndex = 1; lastKnownFileType = text.xcconfig; name = "Pods-GoPurpose.release.xcconfig"; path = "Pods/Target Support Files/Pods-GoPurpose/Pods-GoPurpose.release.xcconfig"; sourceTree = "<group>"; };
/* End PBXFileReference section */

/* Begin PBXFrameworksBuildPhase section */
		18956FEF1FA8A736009DC63A /* Frameworks */ = {
			isa = PBXFrameworksBuildPhase;
			buildActionMask = 2147483647;
			files = (
				18DA61701FAB4DC800330B96 /* MobileCoreServices.framework in Frameworks */,
				A4B21DFC8726D53D04E60333 /* Pods_GoPurpose.framework in Frameworks */,
			);
			runOnlyForDeploymentPostprocessing = 0;
		};
/* End PBXFrameworksBuildPhase section */

/* Begin PBXGroup section */
		1842AE961FA97F7F0075BEF2 /* SupportingFiles */ = {
			isa = PBXGroup;
			children = (
				18C24B2E1FA9CDF70095F260 /* Fonts */,
				1842AE921FA97F6D0075BEF2 /* GoPurpose-Bridging-Header.h */,
				187D4AEB1FA9982F00FA96DC /* ZendeskBundleFiles */,
				187D4AE81FA997FE00FA96DC /* Frameworks */,
			);
			path = SupportingFiles;
			sourceTree = "<group>";
		};
		186FD4F41FAAD46200081D8A /* Extensions */ = {
			isa = PBXGroup;
			children = (
				186FD4F71FAAD67200081D8A /* CornerRadius+UIVIew.swift */,
				186FD4F91FAAD89900081D8A /* Padding+UITextField.swift */,
			);
			path = Extensions;
			sourceTree = "<group>";
		};
		186FD4FE1FAB0DF100081D8A /* ProductListViewController */ = {
			isa = PBXGroup;
			children = (
				186FD5011FAB0E4700081D8A /* ProductListViewController.swift */,
			);
			path = ProductListViewController;
			sourceTree = "<group>";
		};
		186FD4FF1FAB0DFB00081D8A /* MessageViewController */ = {
			isa = PBXGroup;
			children = (
				186FD5051FAB0E8F00081D8A /* MessageViewController.swift */,
			);
			path = MessageViewController;
			sourceTree = "<group>";
		};
		186FD5001FAB0E0600081D8A /* SettingViewController */ = {
			isa = PBXGroup;
			children = (
				186FD5031FAB0E7B00081D8A /* SettingsViewController.swift */,
			);
			path = SettingViewController;
			sourceTree = "<group>";
		};
		187D4AD41FA9930F00FA96DC /* SCLALertView */ = {
			isa = PBXGroup;
			children = (
				187D4AD61FA9943500FA96DC /* SCLAlertView.swift */,
				187D4AD51FA9943500FA96DC /* SCLExtensions.swift */,
			);
			path = SCLALertView;
			sourceTree = "<group>";
		};
		187D4ADE1FA9962900FA96DC /* Utils */ = {
			isa = PBXGroup;
			children = (
				187D4ADF1FA9963600FA96DC /* FontUtility.swift */,
			);
			path = Utils;
			sourceTree = "<group>";
		};
		187D4AE01FA9966400FA96DC /* LoginViewController */ = {
			isa = PBXGroup;
			children = (
				187D4AD71FA9952A00FA96DC /* LoginViewController.swift */,
			);
			path = LoginViewController;
			sourceTree = "<group>";
		};
		187D4AE11FA9967700FA96DC /* SideBarViewController */ = {
			isa = PBXGroup;
			children = (
				187D4AE61FA996F000FA96DC /* MenuViewController.swift */,
				18BA7EDE1FAB256C00BA396E /* SideBarViewController.swift */,
			);
			path = SideBarViewController;
			sourceTree = "<group>";
		};
		187D4AE21FA9968500FA96DC /* DashboardViewController */ = {
			isa = PBXGroup;
			children = (
				186FD4FC1FAB0DEA00081D8A /* DashboardViewController.swift */,
			);
			path = DashboardViewController;
			sourceTree = "<group>";
		};
		187D4AE31FA9969400FA96DC /* ForgotPasswordViewController */ = {
			isa = PBXGroup;
			children = (
				187D4AE41FA996B700FA96DC /* ForgotPasswordViewController.swift */,
			);
			path = ForgotPasswordViewController;
			sourceTree = "<group>";
		};
		187D4AE71FA9977E00FA96DC /* ZendeskTicketing */ = {
			isa = PBXGroup;
			children = (
			);
			path = ZendeskTicketing;
			sourceTree = "<group>";
		};
		187D4AE81FA997FE00FA96DC /* Frameworks */ = {
			isa = PBXGroup;
			children = (
			);
			path = Frameworks;
			sourceTree = "<group>";
		};
		187D4AEB1FA9982F00FA96DC /* ZendeskBundleFiles */ = {
			isa = PBXGroup;
			children = (
			);
			path = ZendeskBundleFiles;
			sourceTree = "<group>";
		};
		18956FE91FA8A736009DC63A = {
			isa = PBXGroup;
			children = (
				18956FF41FA8A736009DC63A /* GoPurpose */,
				18956FF31FA8A736009DC63A /* Products */,
				EA56ECF8E166E94C585472A5 /* Pods */,
				4346BE6BE6968F803DD44874 /* Frameworks */,
			);
			sourceTree = "<group>";
		};
		18956FF31FA8A736009DC63A /* Products */ = {
			isa = PBXGroup;
			children = (
				18956FF21FA8A736009DC63A /* GoPurpose.app */,
			);
			name = Products;
			sourceTree = "<group>";
		};
		18956FF41FA8A736009DC63A /* GoPurpose */ = {
			isa = PBXGroup;
			children = (
				189570071FA8A78E009DC63A /* AppDelegate */,
				189570081FA8A797009DC63A /* Classes */,
				1842AE961FA97F7F0075BEF2 /* SupportingFiles */,
				18956FFC1FA8A736009DC63A /* Assets.xcassets */,
				185FCBC11FA9D75400D11A4D /* Main.storyboard */,
				18956FFE1FA8A736009DC63A /* LaunchScreen.storyboard */,
				189570011FA8A736009DC63A /* Info.plist */,
			);
			path = GoPurpose;
			sourceTree = "<group>";
		};
		189570071FA8A78E009DC63A /* AppDelegate */ = {
			isa = PBXGroup;
			children = (
				18956FF51FA8A736009DC63A /* AppDelegate.swift */,
			);
			path = AppDelegate;
			sourceTree = "<group>";
		};
		189570081FA8A797009DC63A /* Classes */ = {
			isa = PBXGroup;
			children = (
				187D4ADE1FA9962900FA96DC /* Utils */,
				1895700C1FA8A7CA009DC63A /* Views */,
				1895700B1FA8A7BA009DC63A /* HelperClasses */,
				1895700A1FA8A7B4009DC63A /* Models */,
				189570091FA8A7AC009DC63A /* Controllers */,
			);
			path = Classes;
			sourceTree = "<group>";
		};
		189570091FA8A7AC009DC63A /* Controllers */ = {
			isa = PBXGroup;
			children = (
				187D4AE01FA9966400FA96DC /* LoginViewController */,
				187D4AE31FA9969400FA96DC /* ForgotPasswordViewController */,
				187D4AE21FA9968500FA96DC /* DashboardViewController */,
				186FD4FE1FAB0DF100081D8A /* ProductListViewController */,
				186FD4FF1FAB0DFB00081D8A /* MessageViewController */,
				186FD5001FAB0E0600081D8A /* SettingViewController */,
				187D4AE11FA9967700FA96DC /* SideBarViewController */,
			);
			path = Controllers;
			sourceTree = "<group>";
		};
		1895700A1FA8A7B4009DC63A /* Models */ = {
			isa = PBXGroup;
			children = (
				189570101FA8A853009DC63A /* Webservices */,
			);
			path = Models;
			sourceTree = "<group>";
		};
		1895700B1FA8A7BA009DC63A /* HelperClasses */ = {
			isa = PBXGroup;
			children = (
				186FD4F41FAAD46200081D8A /* Extensions */,
				187D4AE71FA9977E00FA96DC /* ZendeskTicketing */,
				187D4AD41FA9930F00FA96DC /* SCLALertView */,
				1895700F1FA8A82D009DC63A /* BSKeyboardControl */,
				1895700E1FA8A824009DC63A /* Constant */,
			);
			path = HelperClasses;
			sourceTree = "<group>";
		};
		1895700C1FA8A7CA009DC63A /* Views */ = {
			isa = PBXGroup;
			children = (
				1895700D1FA8A7EE009DC63A /* SWRevealView */,
			);
			path = Views;
			sourceTree = "<group>";
		};
		1895700D1FA8A7EE009DC63A /* SWRevealView */ = {
			isa = PBXGroup;
			children = (
				1842AE931FA97F6E0075BEF2 /* SWRevealViewController.h */,
				1842AE941FA97F6E0075BEF2 /* SWRevealViewController.m */,
			);
			path = SWRevealView;
			sourceTree = "<group>";
		};
		1895700E1FA8A824009DC63A /* Constant */ = {
			isa = PBXGroup;
			children = (
				187D4ADB1FA9960000FA96DC /* Constant.swift */,
			);
			path = Constant;
			sourceTree = "<group>";
		};
		1895700F1FA8A82D009DC63A /* BSKeyboardControl */ = {
			isa = PBXGroup;
			children = (
				187D4ADD1FA9961D00FA96DC /* BSKeyboardControls.swift */,
			);
			path = BSKeyboardControl;
			sourceTree = "<group>";
		};
		189570101FA8A853009DC63A /* Webservices */ = {
			isa = PBXGroup;
			children = (
				189570121FA8A860009DC63A /* ConnectionManager */,
				189570111FA8A859009DC63A /* BaseService */,
			);
			path = Webservices;
			sourceTree = "<group>";
		};
		189570111FA8A859009DC63A /* BaseService */ = {
			isa = PBXGroup;
			children = (
			);
			path = BaseService;
			sourceTree = "<group>";
		};
		189570121FA8A860009DC63A /* ConnectionManager */ = {
			isa = PBXGroup;
			children = (
			);
			path = ConnectionManager;
			sourceTree = "<group>";
		};
		18C24B2E1FA9CDF70095F260 /* Fonts */ = {
			isa = PBXGroup;
			children = (
				186FD50A1FAB16EA00081D8A /* Montserrat-Bold.otf */,
				186FD5091FAB16E200081D8A /* Montserrat-Light.otf */,
				186FD50B1FAB16ED00081D8A /* Montserrat-Medium.otf */,
				186FD5071FAB16DD00081D8A /* Montserrat-Regular.ttf */,
				186FD5081FAB16DE00081D8A /* Montserrat-SemiBold.otf */,
				18C24B2F1FA9CE080095F260 /* Roboto-Bold.ttf */,
				18C24B311FA9CE0D0095F260 /* Roboto-Italic.ttf */,
			);
			path = Fonts;
			sourceTree = "<group>";
		};
		4346BE6BE6968F803DD44874 /* Frameworks */ = {
			isa = PBXGroup;
			children = (
				18DA616F1FAB4DC800330B96 /* MobileCoreServices.framework */,
				154C9D793D75A26BEE0EC7EC /* Pods_GoPurpose.framework */,
			);
			name = Frameworks;
			sourceTree = "<group>";
		};
		EA56ECF8E166E94C585472A5 /* Pods */ = {
			isa = PBXGroup;
			children = (
				4A3F82356D05E80B9AED8C77 /* Pods-GoPurpose.debug.xcconfig */,
				BABAA438305808A98519197A /* Pods-GoPurpose.release.xcconfig */,
			);
			name = Pods;
			sourceTree = "<group>";
		};
/* End PBXGroup section */

/* Begin PBXNativeTarget section */
		18956FF11FA8A736009DC63A /* GoPurpose */ = {
			isa = PBXNativeTarget;
			buildConfigurationList = 189570041FA8A736009DC63A /* Build configuration list for PBXNativeTarget "GoPurpose" */;
			buildPhases = (
				63B55C096D383CF8DFD7153A /* [CP] Check Pods Manifest.lock */,
				18956FEE1FA8A736009DC63A /* Sources */,
				18956FEF1FA8A736009DC63A /* Frameworks */,
				18956FF01FA8A736009DC63A /* Resources */,
				9A1A5C383E08A6371565FF20 /* [CP] Embed Pods Frameworks */,
				D86A90EAE896774C7EA75C1F /* [CP] Copy Pods Resources */,
			);
			buildRules = (
			);
			dependencies = (
			);
			name = GoPurpose;
			productName = GoPurpose;
			productReference = 18956FF21FA8A736009DC63A /* GoPurpose.app */;
			productType = "com.apple.product-type.application";
		};
/* End PBXNativeTarget section */

/* Begin PBXProject section */
		18956FEA1FA8A736009DC63A /* Project object */ = {
			isa = PBXProject;
			attributes = {
				LastSwiftUpdateCheck = 0900;
				LastUpgradeCheck = 0900;
				ORGANIZATIONNAME = "Ranosys-Mac";
				TargetAttributes = {
					18956FF11FA8A736009DC63A = {
						CreatedOnToolsVersion = 9.0;
						LastSwiftMigration = 0900;
						ProvisioningStyle = Automatic;
					};
				};
			};
			buildConfigurationList = 18956FED1FA8A736009DC63A /* Build configuration list for PBXProject "GoPurpose" */;
			compatibilityVersion = "Xcode 8.0";
			developmentRegion = en;
			hasScannedForEncodings = 0;
			knownRegions = (
				en,
				Base,
			);
			mainGroup = 18956FE91FA8A736009DC63A;
			productRefGroup = 18956FF31FA8A736009DC63A /* Products */;
			projectDirPath = "";
			projectRoot = "";
			targets = (
				18956FF11FA8A736009DC63A /* GoPurpose */,
			);
		};
/* End PBXProject section */

/* Begin PBXResourcesBuildPhase section */
		18956FF01FA8A736009DC63A /* Resources */ = {
			isa = PBXResourcesBuildPhase;
			buildActionMask = 2147483647;
			files = (
				186FD50C1FAB176A00081D8A /* Montserrat-Bold.otf in Resources */,
				186FD50D1FAB176A00081D8A /* Montserrat-Light.otf in Resources */,
				186FD50E1FAB176A00081D8A /* Montserrat-Medium.otf in Resources */,
				186FD50F1FAB176A00081D8A /* Montserrat-Regular.ttf in Resources */,
				186FD5101FAB176A00081D8A /* Montserrat-SemiBold.otf in Resources */,
				185FCBC41FA9D8A500D11A4D /* Roboto-Bold.ttf in Resources */,
				185FCBC51FA9D8A500D11A4D /* Roboto-Italic.ttf in Resources */,
				185FCBC21FA9D78200D11A4D /* Main.storyboard in Resources */,
				189570001FA8A736009DC63A /* LaunchScreen.storyboard in Resources */,
				18956FFD1FA8A736009DC63A /* Assets.xcassets in Resources */,
			);
			runOnlyForDeploymentPostprocessing = 0;
		};
/* End PBXResourcesBuildPhase section */

/* Begin PBXShellScriptBuildPhase section */
		63B55C096D383CF8DFD7153A /* [CP] Check Pods Manifest.lock */ = {
			isa = PBXShellScriptBuildPhase;
			buildActionMask = 2147483647;
			files = (
			);
			inputPaths = (
				"${PODS_PODFILE_DIR_PATH}/Podfile.lock",
				"${PODS_ROOT}/Manifest.lock",
			);
			name = "[CP] Check Pods Manifest.lock";
			outputPaths = (
				"$(DERIVED_FILE_DIR)/Pods-GoPurpose-checkManifestLockResult.txt",
			);
			runOnlyForDeploymentPostprocessing = 0;
			shellPath = /bin/sh;
			shellScript = "diff \"${PODS_PODFILE_DIR_PATH}/Podfile.lock\" \"${PODS_ROOT}/Manifest.lock\" > /dev/null\nif [ $? != 0 ] ; then\n    # print error to STDERR\n    echo \"error: The sandbox is not in sync with the Podfile.lock. Run 'pod install' or update your CocoaPods installation.\" >&2\n    exit 1\nfi\n# This output is used by Xcode 'outputs' to avoid re-running this script phase.\necho \"SUCCESS\" > \"${SCRIPT_OUTPUT_FILE_0}\"\n";
			showEnvVarsInLog = 0;
		};
		9A1A5C383E08A6371565FF20 /* [CP] Embed Pods Frameworks */ = {
			isa = PBXShellScriptBuildPhase;
			buildActionMask = 2147483647;
			files = (
			);
			inputPaths = (
				"${SRCROOT}/Pods/Target Support Files/Pods-GoPurpose/Pods-GoPurpose-frameworks.sh",
				"${BUILT_PRODUCTS_DIR}/Alamofire/Alamofire.framework",
			);
			name = "[CP] Embed Pods Frameworks";
			outputPaths = (
				"${TARGET_BUILD_DIR}/${FRAMEWORKS_FOLDER_PATH}/Alamofire.framework",
			);
			runOnlyForDeploymentPostprocessing = 0;
			shellPath = /bin/sh;
			shellScript = "\"${SRCROOT}/Pods/Target Support Files/Pods-GoPurpose/Pods-GoPurpose-frameworks.sh\"\n";
			showEnvVarsInLog = 0;
		};
		D86A90EAE896774C7EA75C1F /* [CP] Copy Pods Resources */ = {
			isa = PBXShellScriptBuildPhase;
			buildActionMask = 2147483647;
			files = (
			);
			inputPaths = (
			);
			name = "[CP] Copy Pods Resources";
			outputPaths = (
			);
			runOnlyForDeploymentPostprocessing = 0;
			shellPath = /bin/sh;
			shellScript = "\"${SRCROOT}/Pods/Target Support Files/Pods-GoPurpose/Pods-GoPurpose-resources.sh\"\n";
			showEnvVarsInLog = 0;
		};
/* End PBXShellScriptBuildPhase section */

/* Begin PBXSourcesBuildPhase section */
		18956FEE1FA8A736009DC63A /* Sources */ = {
			isa = PBXSourcesBuildPhase;
			buildActionMask = 2147483647;
			files = (
				187D4AD81FA9952A00FA96DC /* LoginViewController.swift in Sources */,
				186FD4FD1FAB0DEA00081D8A /* DashboardViewController.swift in Sources */,
				186FD5041FAB0E7B00081D8A /* SettingsViewController.swift in Sources */,
				186FD5021FAB0E4700081D8A /* ProductListViewController.swift in Sources */,
				187D4AE51FA996B700FA96DC /* ForgotPasswordViewController.swift in Sources */,
				18956FF61FA8A736009DC63A /* AppDelegate.swift in Sources */,
				1842AE951FA97F6E0075BEF2 /* SWRevealViewController.m in Sources */,
				18BA7EDF1FAB256C00BA396E /* SideBarViewController.swift in Sources */,
				186FD4F81FAAD67200081D8A /* CornerRadius+UIVIew.swift in Sources */,
				186FD4FB1FAAE7E500081D8A /* BSKeyboardControls.swift in Sources */,
				187D4ADC1FA9960000FA96DC /* Constant.swift in Sources */,
				186FD5061FAB0E8F00081D8A /* MessageViewController.swift in Sources */,
				186FD4FA1FAAD89900081D8A /* Padding+UITextField.swift in Sources */,
			);
			runOnlyForDeploymentPostprocessing = 0;
		};
/* End PBXSourcesBuildPhase section */

/* Begin PBXVariantGroup section */
		18956FFE1FA8A736009DC63A /* LaunchScreen.storyboard */ = {
			isa = PBXVariantGroup;
			children = (
				18956FFF1FA8A736009DC63A /* Base */,
			);
			name = LaunchScreen.storyboard;
			sourceTree = "<group>";
		};
/* End PBXVariantGroup section */

/* Begin XCBuildConfiguration section */
		189570021FA8A736009DC63A /* Debug */ = {
			isa = XCBuildConfiguration;
			buildSettings = {
				ALWAYS_SEARCH_USER_PATHS = NO;
				CLANG_ANALYZER_NONNULL = YES;
				CLANG_ANALYZER_NUMBER_OBJECT_CONVERSION = YES_AGGRESSIVE;
				CLANG_CXX_LANGUAGE_STANDARD = "gnu++14";
				CLANG_CXX_LIBRARY = "libc++";
				CLANG_ENABLE_MODULES = YES;
				CLANG_ENABLE_OBJC_ARC = YES;
				CLANG_WARN_BLOCK_CAPTURE_AUTORELEASING = YES;
				CLANG_WARN_BOOL_CONVERSION = YES;
				CLANG_WARN_COMMA = YES;
				CLANG_WARN_CONSTANT_CONVERSION = YES;
				CLANG_WARN_DIRECT_OBJC_ISA_USAGE = YES_ERROR;
				CLANG_WARN_DOCUMENTATION_COMMENTS = YES;
				CLANG_WARN_EMPTY_BODY = YES;
				CLANG_WARN_ENUM_CONVERSION = YES;
				CLANG_WARN_INFINITE_RECURSION = YES;
				CLANG_WARN_INT_CONVERSION = YES;
				CLANG_WARN_NON_LITERAL_NULL_CONVERSION = YES;
				CLANG_WARN_OBJC_LITERAL_CONVERSION = YES;
				CLANG_WARN_OBJC_ROOT_CLASS = YES_ERROR;
				CLANG_WARN_RANGE_LOOP_ANALYSIS = YES;
				CLANG_WARN_STRICT_PROTOTYPES = YES;
				CLANG_WARN_SUSPICIOUS_MOVE = YES;
				CLANG_WARN_UNGUARDED_AVAILABILITY = YES_AGGRESSIVE;
				CLANG_WARN_UNREACHABLE_CODE = YES;
				CLANG_WARN__DUPLICATE_METHOD_MATCH = YES;
				CODE_SIGN_IDENTITY = "iPhone Developer";
				COPY_PHASE_STRIP = NO;
				DEBUG_INFORMATION_FORMAT = dwarf;
				ENABLE_STRICT_OBJC_MSGSEND = YES;
				ENABLE_TESTABILITY = YES;
				GCC_C_LANGUAGE_STANDARD = gnu11;
				GCC_DYNAMIC_NO_PIC = NO;
				GCC_NO_COMMON_BLOCKS = YES;
				GCC_OPTIMIZATION_LEVEL = 0;
				GCC_PREPROCESSOR_DEFINITIONS = (
					"DEBUG=1",
					"$(inherited)",
				);
				GCC_WARN_64_TO_32_BIT_CONVERSION = YES;
				GCC_WARN_ABOUT_RETURN_TYPE = YES_ERROR;
				GCC_WARN_UNDECLARED_SELECTOR = YES;
				GCC_WARN_UNINITIALIZED_AUTOS = YES_AGGRESSIVE;
				GCC_WARN_UNUSED_FUNCTION = YES;
				GCC_WARN_UNUSED_VARIABLE = YES;
				IPHONEOS_DEPLOYMENT_TARGET = 9.0;
				MTL_ENABLE_DEBUG_INFO = YES;
				ONLY_ACTIVE_ARCH = YES;
				SDKROOT = iphoneos;
				SWIFT_ACTIVE_COMPILATION_CONDITIONS = DEBUG;
				SWIFT_OBJC_BRIDGING_HEADER = "GoPurpose/SupportingFiles/GoPurpose-Bridging-Header.h";
				SWIFT_OPTIMIZATION_LEVEL = "-Onone";
			};
			name = Debug;
		};
		189570031FA8A736009DC63A /* Release */ = {
			isa = XCBuildConfiguration;
			buildSettings = {
				ALWAYS_SEARCH_USER_PATHS = NO;
				CLANG_ANALYZER_NONNULL = YES;
				CLANG_ANALYZER_NUMBER_OBJECT_CONVERSION = YES_AGGRESSIVE;
				CLANG_CXX_LANGUAGE_STANDARD = "gnu++14";
				CLANG_CXX_LIBRARY = "libc++";
				CLANG_ENABLE_MODULES = YES;
				CLANG_ENABLE_OBJC_ARC = YES;
				CLANG_WARN_BLOCK_CAPTURE_AUTORELEASING = YES;
				CLANG_WARN_BOOL_CONVERSION = YES;
				CLANG_WARN_COMMA = YES;
				CLANG_WARN_CONSTANT_CONVERSION = YES;
				CLANG_WARN_DIRECT_OBJC_ISA_USAGE = YES_ERROR;
				CLANG_WARN_DOCUMENTATION_COMMENTS = YES;
				CLANG_WARN_EMPTY_BODY = YES;
				CLANG_WARN_ENUM_CONVERSION = YES;
				CLANG_WARN_INFINITE_RECURSION = YES;
				CLANG_WARN_INT_CONVERSION = YES;
				CLANG_WARN_NON_LITERAL_NULL_CONVERSION = YES;
				CLANG_WARN_OBJC_LITERAL_CONVERSION = YES;
				CLANG_WARN_OBJC_ROOT_CLASS = YES_ERROR;
				CLANG_WARN_RANGE_LOOP_ANALYSIS = YES;
				CLANG_WARN_STRICT_PROTOTYPES = YES;
				CLANG_WARN_SUSPICIOUS_MOVE = YES;
				CLANG_WARN_UNGUARDED_AVAILABILITY = YES_AGGRESSIVE;
				CLANG_WARN_UNREACHABLE_CODE = YES;
				CLANG_WARN__DUPLICATE_METHOD_MATCH = YES;
				CODE_SIGN_IDENTITY = "iPhone Developer";
				COPY_PHASE_STRIP = NO;
				DEBUG_INFORMATION_FORMAT = "dwarf-with-dsym";
				ENABLE_NS_ASSERTIONS = NO;
				ENABLE_STRICT_OBJC_MSGSEND = YES;
				GCC_C_LANGUAGE_STANDARD = gnu11;
				GCC_NO_COMMON_BLOCKS = YES;
				GCC_WARN_64_TO_32_BIT_CONVERSION = YES;
				GCC_WARN_ABOUT_RETURN_TYPE = YES_ERROR;
				GCC_WARN_UNDECLARED_SELECTOR = YES;
				GCC_WARN_UNINITIALIZED_AUTOS = YES_AGGRESSIVE;
				GCC_WARN_UNUSED_FUNCTION = YES;
				GCC_WARN_UNUSED_VARIABLE = YES;
				IPHONEOS_DEPLOYMENT_TARGET = 9.0;
				MTL_ENABLE_DEBUG_INFO = NO;
				SDKROOT = iphoneos;
				SWIFT_OBJC_BRIDGING_HEADER = "GoPurpose/SupportingFiles/GoPurpose-Bridging-Header.h";
				SWIFT_OPTIMIZATION_LEVEL = "-Owholemodule";
				VALIDATE_PRODUCT = YES;
			};
			name = Release;
		};
		189570051FA8A736009DC63A /* Debug */ = {
			isa = XCBuildConfiguration;
			baseConfigurationReference = 4A3F82356D05E80B9AED8C77 /* Pods-GoPurpose.debug.xcconfig */;
			buildSettings = {
				ASSETCATALOG_COMPILER_APPICON_NAME = AppIcon;
				CLANG_ENABLE_MODULES = YES;
				CODE_SIGN_STYLE = Automatic;
				DEVELOPMENT_TEAM = M8A7BYS443;
				FRAMEWORK_SEARCH_PATHS = (
					"$(inherited)",
					"$(PROJECT_DIR)/GoPurpose/SupportingFiles/Frameworks",
				);
				INFOPLIST_FILE = GoPurpose/Info.plist;
				IPHONEOS_DEPLOYMENT_TARGET = 9.0;
				LD_RUNPATH_SEARCH_PATHS = "$(inherited) @executable_path/Frameworks";
				PRODUCT_BUNDLE_IDENTIFIER = Ranosys.GoPurpose;
				PRODUCT_NAME = "$(TARGET_NAME)";
				SWIFT_OBJC_BRIDGING_HEADER = "GoPurpose/SupportingFiles/GoPurpose-Bridging-Header.h";
				SWIFT_OPTIMIZATION_LEVEL = "-Onone";
				SWIFT_VERSION = 4.0;
				TARGETED_DEVICE_FAMILY = 1;
			};
			name = Debug;
		};
		189570061FA8A736009DC63A /* Release */ = {
			isa = XCBuildConfiguration;
			baseConfigurationReference = BABAA438305808A98519197A /* Pods-GoPurpose.release.xcconfig */;
			buildSettings = {
				ASSETCATALOG_COMPILER_APPICON_NAME = AppIcon;
				CLANG_ENABLE_MODULES = YES;
				CODE_SIGN_STYLE = Automatic;
				DEVELOPMENT_TEAM = M8A7BYS443;
				FRAMEWORK_SEARCH_PATHS = (
					"$(inherited)",
					"$(PROJECT_DIR)/GoPurpose/SupportingFiles/Frameworks",
				);
				INFOPLIST_FILE = GoPurpose/Info.plist;
				IPHONEOS_DEPLOYMENT_TARGET = 9.0;
				LD_RUNPATH_SEARCH_PATHS = "$(inherited) @executable_path/Frameworks";
				PRODUCT_BUNDLE_IDENTIFIER = Ranosys.GoPurpose;
				PRODUCT_NAME = "$(TARGET_NAME)";
				SWIFT_OBJC_BRIDGING_HEADER = "GoPurpose/SupportingFiles/GoPurpose-Bridging-Header.h";
				SWIFT_VERSION = 4.0;
				TARGETED_DEVICE_FAMILY = 1;
			};
			name = Release;
		};
/* End XCBuildConfiguration section */

/* Begin XCConfigurationList section */
		18956FED1FA8A736009DC63A /* Build configuration list for PBXProject "GoPurpose" */ = {
			isa = XCConfigurationList;
			buildConfigurations = (
				189570021FA8A736009DC63A /* Debug */,
				189570031FA8A736009DC63A /* Release */,
			);
			defaultConfigurationIsVisible = 0;
			defaultConfigurationName = Release;
		};
		189570041FA8A736009DC63A /* Build configuration list for PBXNativeTarget "GoPurpose" */ = {
			isa = XCConfigurationList;
			buildConfigurations = (
				189570051FA8A736009DC63A /* Debug */,
				189570061FA8A736009DC63A /* Release */,
			);
			defaultConfigurationIsVisible = 0;
			defaultConfigurationName = Release;
		};
/* End XCConfigurationList section */
	};
	rootObject = 18956FEA1FA8A736009DC63A /* Project object */;
}
