// !$*UTF8*$!
{
	archiveVersion = 1;
	classes = {
	};
	objectVersion = 48;
	objects = {

/* Begin PBXBuildFile section */
		182265E81FB332B200C27783 /* gp_en.strings in Resources */ = {isa = PBXBuildFile; fileRef = 182265E71FB332B200C27783 /* gp_en.strings */; };
		182265EA1FB332CA00C27783 /* gp_cn.strings in Resources */ = {isa = PBXBuildFile; fileRef = 182265E91FB332CA00C27783 /* gp_cn.strings */; };
		182265EC1FB332D700C27783 /* gp_zh.strings in Resources */ = {isa = PBXBuildFile; fileRef = 182265EB1FB332D700C27783 /* gp_zh.strings */; };
		1828C0FA1FC7F941008398BA /* OrderDataModel.swift in Sources */ = {isa = PBXBuildFile; fileRef = 1828C0F91FC7F941008398BA /* OrderDataModel.swift */; };
		1828C0FC1FC7F969008398BA /* OrderService.swift in Sources */ = {isa = PBXBuildFile; fileRef = 1828C0FB1FC7F969008398BA /* OrderService.swift */; };
		1842AE951FA97F6E0075BEF2 /* SWRevealViewController.m in Sources */ = {isa = PBXBuildFile; fileRef = 1842AE941FA97F6E0075BEF2 /* SWRevealViewController.m */; };
		185773921FB4370B00CE693E /* UserNotifications.framework in Frameworks */ = {isa = PBXBuildFile; fileRef = 185773911FB4370B00CE693E /* UserNotifications.framework */; };
		185FCBC21FA9D78200D11A4D /* Main.storyboard in Resources */ = {isa = PBXBuildFile; fileRef = 185FCBC11FA9D75400D11A4D /* Main.storyboard */; };
		185FCBC41FA9D8A500D11A4D /* Roboto-Bold.ttf in Resources */ = {isa = PBXBuildFile; fileRef = 18C24B2F1FA9CE080095F260 /* Roboto-Bold.ttf */; };
		185FCBC51FA9D8A500D11A4D /* Roboto-Italic.ttf in Resources */ = {isa = PBXBuildFile; fileRef = 18C24B311FA9CE0D0095F260 /* Roboto-Italic.ttf */; };
		186E90AA1FB558BB00EF863A /* ChangePasswordViewController.swift in Sources */ = {isa = PBXBuildFile; fileRef = 186E90A91FB558BB00EF863A /* ChangePasswordViewController.swift */; };
		186E90AC1FB558D000EF863A /* EditProfileViewController.swift in Sources */ = {isa = PBXBuildFile; fileRef = 186E90AB1FB558D000EF863A /* EditProfileViewController.swift */; };
		186FD4F81FAAD67200081D8A /* CornerRadius+UIVIew.swift in Sources */ = {isa = PBXBuildFile; fileRef = 186FD4F71FAAD67200081D8A /* CornerRadius+UIVIew.swift */; };
		186FD4FA1FAAD89900081D8A /* Padding+UITextField.swift in Sources */ = {isa = PBXBuildFile; fileRef = 186FD4F91FAAD89900081D8A /* Padding+UITextField.swift */; };
		186FD4FB1FAAE7E500081D8A /* BSKeyboardControls.swift in Sources */ = {isa = PBXBuildFile; fileRef = 187D4ADD1FA9961D00FA96DC /* BSKeyboardControls.swift */; };
		186FD4FD1FAB0DEA00081D8A /* DashboardViewController.swift in Sources */ = {isa = PBXBuildFile; fileRef = 186FD4FC1FAB0DEA00081D8A /* DashboardViewController.swift */; };
		186FD5021FAB0E4700081D8A /* ProductListViewController.swift in Sources */ = {isa = PBXBuildFile; fileRef = 186FD5011FAB0E4700081D8A /* ProductListViewController.swift */; };
		186FD5041FAB0E7B00081D8A /* SettingsViewController.swift in Sources */ = {isa = PBXBuildFile; fileRef = 186FD5031FAB0E7B00081D8A /* SettingsViewController.swift */; };
		186FD5061FAB0E8F00081D8A /* MessageViewController.swift in Sources */ = {isa = PBXBuildFile; fileRef = 186FD5051FAB0E8F00081D8A /* MessageViewController.swift */; };
		186FD50C1FAB176A00081D8A /* Montserrat-Bold.otf in Resources */ = {isa = PBXBuildFile; fileRef = 186FD50A1FAB16EA00081D8A /* Montserrat-Bold.otf */; };
		186FD50D1FAB176A00081D8A /* Montserrat-Light.otf in Resources */ = {isa = PBXBuildFile; fileRef = 186FD5091FAB16E200081D8A /* Montserrat-Light.otf */; };
		186FD50E1FAB176A00081D8A /* Montserrat-Medium.otf in Resources */ = {isa = PBXBuildFile; fileRef = 186FD50B1FAB16ED00081D8A /* Montserrat-Medium.otf */; };
		186FD50F1FAB176A00081D8A /* Montserrat-Regular.ttf in Resources */ = {isa = PBXBuildFile; fileRef = 186FD5071FAB16DD00081D8A /* Montserrat-Regular.ttf */; };
		186FD5101FAB176A00081D8A /* Montserrat-SemiBold.otf in Resources */ = {isa = PBXBuildFile; fileRef = 186FD5081FAB16DE00081D8A /* Montserrat-SemiBold.otf */; };
		187D4AD81FA9952A00FA96DC /* LoginViewController.swift in Sources */ = {isa = PBXBuildFile; fileRef = 187D4AD71FA9952A00FA96DC /* LoginViewController.swift */; };
		187D4ADC1FA9960000FA96DC /* Constant.swift in Sources */ = {isa = PBXBuildFile; fileRef = 187D4ADB1FA9960000FA96DC /* Constant.swift */; };
		187D4AE51FA996B700FA96DC /* ForgotPasswordViewController.swift in Sources */ = {isa = PBXBuildFile; fileRef = 187D4AE41FA996B700FA96DC /* ForgotPasswordViewController.swift */; };
		189263121FB1720900BE00A2 /* MMMaterialDesignSpinner.m in Sources */ = {isa = PBXBuildFile; fileRef = 189263101FB171F000BE00A2 /* MMMaterialDesignSpinner.m */; };
		189263181FB1AA9000BE00A2 /* UITextField+Validations.swift in Sources */ = {isa = PBXBuildFile; fileRef = 189263171FB1AA8F00BE00A2 /* UITextField+Validations.swift */; };
		18956FF61FA8A736009DC63A /* AppDelegate.swift in Sources */ = {isa = PBXBuildFile; fileRef = 18956FF51FA8A736009DC63A /* AppDelegate.swift */; };
		18956FFD1FA8A736009DC63A /* Assets.xcassets in Resources */ = {isa = PBXBuildFile; fileRef = 18956FFC1FA8A736009DC63A /* Assets.xcassets */; };
		189570001FA8A736009DC63A /* LaunchScreen.storyboard in Resources */ = {isa = PBXBuildFile; fileRef = 18956FFE1FA8A736009DC63A /* LaunchScreen.storyboard */; };
		18B20DC71FAC2D23005A6147 /* GlobalViewController.swift in Sources */ = {isa = PBXBuildFile; fileRef = 18B20DC31FAC2C68005A6147 /* GlobalViewController.swift */; };
		18B20DC81FAC2D25005A6147 /* BottomTabViewController.swift in Sources */ = {isa = PBXBuildFile; fileRef = 18B20DC61FAC2C91005A6147 /* BottomTabViewController.swift */; };
		18B20DC91FAC2D31005A6147 /* BottomTabViewController.xib in Resources */ = {isa = PBXBuildFile; fileRef = 18B20DC51FAC2C91005A6147 /* BottomTabViewController.xib */; };
		18B20DCA1FAC35A8005A6147 /* FontUtility.swift in Sources */ = {isa = PBXBuildFile; fileRef = 187D4ADF1FA9963600FA96DC /* FontUtility.swift */; };
		18B20DD01FAC5772005A6147 /* NotificationViewController.swift in Sources */ = {isa = PBXBuildFile; fileRef = 18B20DCF1FAC5771005A6147 /* NotificationViewController.swift */; };
		18B20DD21FAC57A3005A6147 /* OrderListingViewController.swift in Sources */ = {isa = PBXBuildFile; fileRef = 18B20DD11FAC57A3005A6147 /* OrderListingViewController.swift */; };
		18B20DD41FAC57B4005A6147 /* SalesViewController.swift in Sources */ = {isa = PBXBuildFile; fileRef = 18B20DD31FAC57B4005A6147 /* SalesViewController.swift */; };
		18B20DD61FAC57C2005A6147 /* SDGViewController.swift in Sources */ = {isa = PBXBuildFile; fileRef = 18B20DD51FAC57C2005A6147 /* SDGViewController.swift */; };
		18B5F8F11FB5BE51004A341E /* ZendeskProviderSDK.framework in Frameworks */ = {isa = PBXBuildFile; fileRef = 18B5F8EF1FB5BE41004A341E /* ZendeskProviderSDK.framework */; };
		18B5F8F21FB5BE53004A341E /* ZendeskSDK.framework in Frameworks */ = {isa = PBXBuildFile; fileRef = 18B5F8F01FB5BE46004A341E /* ZendeskSDK.framework */; };
		18B5F8F31FB5BE55004A341E /* ZendeskSDK.bundle in Resources */ = {isa = PBXBuildFile; fileRef = 18B5F8EE1FB5BE37004A341E /* ZendeskSDK.bundle */; };
		18B5F8F41FB5BE57004A341E /* ZendeskSDKStrings.bundle in Resources */ = {isa = PBXBuildFile; fileRef = 18B5F8ED1FB5BE36004A341E /* ZendeskSDKStrings.bundle */; };
		18BA7EDF1FAB256C00BA396E /* SideBarViewController.swift in Sources */ = {isa = PBXBuildFile; fileRef = 18BA7EDE1FAB256C00BA396E /* SideBarViewController.swift */; };
		18BEAA311FC59EE3007CDB75 /* LoadImage.swift in Sources */ = {isa = PBXBuildFile; fileRef = 18BEAA301FC59E9D007CDB75 /* LoadImage.swift */; };
		18C9EA721FB01096007E8C92 /* DynamicHeightWidth.swift in Sources */ = {isa = PBXBuildFile; fileRef = 18C9EA711FB01096007E8C92 /* DynamicHeightWidth.swift */; };
		18C9EA751FB041F2007E8C92 /* LocalizedString.swift in Sources */ = {isa = PBXBuildFile; fileRef = 18C9EA741FB041F2007E8C92 /* LocalizedString.swift */; };
		18C9EA7B1FB05A75007E8C92 /* LoginDataModel.swift in Sources */ = {isa = PBXBuildFile; fileRef = 18C9EA7A1FB05A75007E8C92 /* LoginDataModel.swift */; };
		18C9EA851FB05D98007E8C92 /* ConnectionManager.swift in Sources */ = {isa = PBXBuildFile; fileRef = 18C9EA841FB05D98007E8C92 /* ConnectionManager.swift */; };
		18C9EA891FB06648007E8C92 /* LoginService.swift in Sources */ = {isa = PBXBuildFile; fileRef = 18C9EA881FB06648007E8C92 /* LoginService.swift */; };
		18C9EA8C1FB06B30007E8C92 /* BaseService.swift in Sources */ = {isa = PBXBuildFile; fileRef = 18C9EA8B1FB06B30007E8C92 /* BaseService.swift */; };
		18C9EA8E1FB06B38007E8C92 /* iReachability.swift in Sources */ = {isa = PBXBuildFile; fileRef = 18C9EA8D1FB06B38007E8C92 /* iReachability.swift */; };
		18C9EA921FB06F93007E8C92 /* SCLAlertView.swift in Sources */ = {isa = PBXBuildFile; fileRef = 187D4AD61FA9943500FA96DC /* SCLAlertView.swift */; };
		18C9EA931FB06F97007E8C92 /* SCLExtensions.swift in Sources */ = {isa = PBXBuildFile; fileRef = 187D4AD51FA9943500FA96DC /* SCLExtensions.swift */; };
		18CB450C1FC5DFC6003B2A88 /* ProductService.swift in Sources */ = {isa = PBXBuildFile; fileRef = 18CB450B1FC5DFC6003B2A88 /* ProductService.swift */; };
		18CB450D1FC5E3E7003B2A88 /* ProductDataModel.swift in Sources */ = {isa = PBXBuildFile; fileRef = 18CB45081FC5DF83003B2A88 /* ProductDataModel.swift */; };
		18CB45111FC5F511003B2A88 /* OrderDetailViewController.swift in Sources */ = {isa = PBXBuildFile; fileRef = 18CB45101FC5F511003B2A88 /* OrderDetailViewController.swift */; };
		18D7A68F1FC73E420058F3DD /* ReportsWebViewController.swift in Sources */ = {isa = PBXBuildFile; fileRef = 18D7A68E1FC73E420058F3DD /* ReportsWebViewController.swift */; };
		18DA61701FAB4DC800330B96 /* MobileCoreServices.framework in Frameworks */ = {isa = PBXBuildFile; fileRef = 18DA616F1FAB4DC800330B96 /* MobileCoreServices.framework */; };
		18DE7AAE1FB9BAF700DC9C39 /* KMPlaceholderTextView.swift in Sources */ = {isa = PBXBuildFile; fileRef = 18DE7AAD1FB9BAF700DC9C39 /* KMPlaceholderTextView.swift */; };
		18F4E47D1FB5805A005C786E /* GlobalBackViewController.swift in Sources */ = {isa = PBXBuildFile; fileRef = 18F4E47C1FB5805A005C786E /* GlobalBackViewController.swift */; };
		18F4E4801FB588B6005C786E /* ProfileDataModel.swift in Sources */ = {isa = PBXBuildFile; fileRef = 18F4E47F1FB588B6005C786E /* ProfileDataModel.swift */; };
		18F4E4831FB588EF005C786E /* ProfileService.swift in Sources */ = {isa = PBXBuildFile; fileRef = 18F4E4821FB588EF005C786E /* ProfileService.swift */; };
		32018E111FC5B5F900F2A83A /* SearchViewController.swift in Sources */ = {isa = PBXBuildFile; fileRef = 32018E101FC5B5F900F2A83A /* SearchViewController.swift */; };
		A4B21DFC8726D53D04E60333 /* Pods_GoPurpose.framework in Frameworks */ = {isa = PBXBuildFile; fileRef = 154C9D793D75A26BEE0EC7EC /* Pods_GoPurpose.framework */; };
/* End PBXBuildFile section */

/* Begin PBXFileReference section */
		154C9D793D75A26BEE0EC7EC /* Pods_GoPurpose.framework */ = {isa = PBXFileReference; explicitFileType = wrapper.framework; includeInIndex = 0; path = Pods_GoPurpose.framework; sourceTree = BUILT_PRODUCTS_DIR; };
		182265E71FB332B200C27783 /* gp_en.strings */ = {isa = PBXFileReference; lastKnownFileType = text.plist.strings; path = gp_en.strings; sourceTree = "<group>"; };
		182265E91FB332CA00C27783 /* gp_cn.strings */ = {isa = PBXFileReference; lastKnownFileType = text.plist.strings; path = gp_cn.strings; sourceTree = "<group>"; };
		182265EB1FB332D700C27783 /* gp_zh.strings */ = {isa = PBXFileReference; lastKnownFileType = text.plist.strings; path = gp_zh.strings; sourceTree = "<group>"; };
		1828C0F91FC7F941008398BA /* OrderDataModel.swift */ = {isa = PBXFileReference; lastKnownFileType = sourcecode.swift; path = OrderDataModel.swift; sourceTree = "<group>"; };
		1828C0FB1FC7F969008398BA /* OrderService.swift */ = {isa = PBXFileReference; lastKnownFileType = sourcecode.swift; path = OrderService.swift; sourceTree = "<group>"; };
		1842AE921FA97F6D0075BEF2 /* GoPurpose-Bridging-Header.h */ = {isa = PBXFileReference; lastKnownFileType = sourcecode.c.h; path = "GoPurpose-Bridging-Header.h"; sourceTree = "<group>"; };
		1842AE931FA97F6E0075BEF2 /* SWRevealViewController.h */ = {isa = PBXFileReference; lastKnownFileType = sourcecode.c.h; path = SWRevealViewController.h; sourceTree = "<group>"; };
		1842AE941FA97F6E0075BEF2 /* SWRevealViewController.m */ = {isa = PBXFileReference; lastKnownFileType = sourcecode.c.objc; path = SWRevealViewController.m; sourceTree = "<group>"; };
		185773911FB4370B00CE693E /* UserNotifications.framework */ = {isa = PBXFileReference; lastKnownFileType = wrapper.framework; name = UserNotifications.framework; path = System/Library/Frameworks/UserNotifications.framework; sourceTree = SDKROOT; };
		185773931FB44CB000CE693E /* GoPurpose.entitlements */ = {isa = PBXFileReference; lastKnownFileType = text.plist.entitlements; path = GoPurpose.entitlements; sourceTree = "<group>"; };
		185FCBC11FA9D75400D11A4D /* Main.storyboard */ = {isa = PBXFileReference; lastKnownFileType = file.storyboard; path = Main.storyboard; sourceTree = "<group>"; };
		186E90A91FB558BB00EF863A /* ChangePasswordViewController.swift */ = {isa = PBXFileReference; lastKnownFileType = sourcecode.swift; path = ChangePasswordViewController.swift; sourceTree = "<group>"; };
		186E90AB1FB558D000EF863A /* EditProfileViewController.swift */ = {isa = PBXFileReference; lastKnownFileType = sourcecode.swift; path = EditProfileViewController.swift; sourceTree = "<group>"; };
		186FD4F71FAAD67200081D8A /* CornerRadius+UIVIew.swift */ = {isa = PBXFileReference; lastKnownFileType = sourcecode.swift; path = "CornerRadius+UIVIew.swift"; sourceTree = "<group>"; };
		186FD4F91FAAD89900081D8A /* Padding+UITextField.swift */ = {isa = PBXFileReference; lastKnownFileType = sourcecode.swift; path = "Padding+UITextField.swift"; sourceTree = "<group>"; };
		186FD4FC1FAB0DEA00081D8A /* DashboardViewController.swift */ = {isa = PBXFileReference; lastKnownFileType = sourcecode.swift; path = DashboardViewController.swift; sourceTree = "<group>"; };
		186FD5011FAB0E4700081D8A /* ProductListViewController.swift */ = {isa = PBXFileReference; lastKnownFileType = sourcecode.swift; path = ProductListViewController.swift; sourceTree = "<group>"; };
		186FD5031FAB0E7B00081D8A /* SettingsViewController.swift */ = {isa = PBXFileReference; lastKnownFileType = sourcecode.swift; path = SettingsViewController.swift; sourceTree = "<group>"; };
		186FD5051FAB0E8F00081D8A /* MessageViewController.swift */ = {isa = PBXFileReference; lastKnownFileType = sourcecode.swift; path = MessageViewController.swift; sourceTree = "<group>"; };
		186FD5071FAB16DD00081D8A /* Montserrat-Regular.ttf */ = {isa = PBXFileReference; lastKnownFileType = file; path = "Montserrat-Regular.ttf"; sourceTree = "<group>"; };
		186FD5081FAB16DE00081D8A /* Montserrat-SemiBold.otf */ = {isa = PBXFileReference; lastKnownFileType = file; path = "Montserrat-SemiBold.otf"; sourceTree = "<group>"; };
		186FD5091FAB16E200081D8A /* Montserrat-Light.otf */ = {isa = PBXFileReference; lastKnownFileType = file; path = "Montserrat-Light.otf"; sourceTree = "<group>"; };
		186FD50A1FAB16EA00081D8A /* Montserrat-Bold.otf */ = {isa = PBXFileReference; lastKnownFileType = file; path = "Montserrat-Bold.otf"; sourceTree = "<group>"; };
		186FD50B1FAB16ED00081D8A /* Montserrat-Medium.otf */ = {isa = PBXFileReference; lastKnownFileType = file; path = "Montserrat-Medium.otf"; sourceTree = "<group>"; };
		187D4AD51FA9943500FA96DC /* SCLExtensions.swift */ = {isa = PBXFileReference; lastKnownFileType = sourcecode.swift; path = SCLExtensions.swift; sourceTree = "<group>"; };
		187D4AD61FA9943500FA96DC /* SCLAlertView.swift */ = {isa = PBXFileReference; lastKnownFileType = sourcecode.swift; path = SCLAlertView.swift; sourceTree = "<group>"; };
		187D4AD71FA9952A00FA96DC /* LoginViewController.swift */ = {isa = PBXFileReference; lastKnownFileType = sourcecode.swift; path = LoginViewController.swift; sourceTree = "<group>"; };
		187D4ADB1FA9960000FA96DC /* Constant.swift */ = {isa = PBXFileReference; lastKnownFileType = sourcecode.swift; path = Constant.swift; sourceTree = "<group>"; };
		187D4ADD1FA9961D00FA96DC /* BSKeyboardControls.swift */ = {isa = PBXFileReference; lastKnownFileType = sourcecode.swift; path = BSKeyboardControls.swift; sourceTree = "<group>"; };
		187D4ADF1FA9963600FA96DC /* FontUtility.swift */ = {isa = PBXFileReference; lastKnownFileType = sourcecode.swift; path = FontUtility.swift; sourceTree = "<group>"; };
		187D4AE41FA996B700FA96DC /* ForgotPasswordViewController.swift */ = {isa = PBXFileReference; lastKnownFileType = sourcecode.swift; path = ForgotPasswordViewController.swift; sourceTree = "<group>"; };
		189263101FB171F000BE00A2 /* MMMaterialDesignSpinner.m */ = {isa = PBXFileReference; lastKnownFileType = sourcecode.c.objc; path = MMMaterialDesignSpinner.m; sourceTree = "<group>"; };
		189263111FB171F000BE00A2 /* MMMaterialDesignSpinner.h */ = {isa = PBXFileReference; lastKnownFileType = sourcecode.c.h; path = MMMaterialDesignSpinner.h; sourceTree = "<group>"; };
		189263171FB1AA8F00BE00A2 /* UITextField+Validations.swift */ = {isa = PBXFileReference; lastKnownFileType = sourcecode.swift; path = "UITextField+Validations.swift"; sourceTree = "<group>"; };
		18956FF21FA8A736009DC63A /* GoPurpose.app */ = {isa = PBXFileReference; explicitFileType = wrapper.application; includeInIndex = 0; path = GoPurpose.app; sourceTree = BUILT_PRODUCTS_DIR; };
		18956FF51FA8A736009DC63A /* AppDelegate.swift */ = {isa = PBXFileReference; lastKnownFileType = sourcecode.swift; path = AppDelegate.swift; sourceTree = "<group>"; };
		18956FFC1FA8A736009DC63A /* Assets.xcassets */ = {isa = PBXFileReference; lastKnownFileType = folder.assetcatalog; path = Assets.xcassets; sourceTree = "<group>"; };
		18956FFF1FA8A736009DC63A /* Base */ = {isa = PBXFileReference; lastKnownFileType = file.storyboard; name = Base; path = Base.lproj/LaunchScreen.storyboard; sourceTree = "<group>"; };
		189570011FA8A736009DC63A /* Info.plist */ = {isa = PBXFileReference; lastKnownFileType = text.plist.xml; path = Info.plist; sourceTree = "<group>"; };
		18B20DC31FAC2C68005A6147 /* GlobalViewController.swift */ = {isa = PBXFileReference; lastKnownFileType = sourcecode.swift; path = GlobalViewController.swift; sourceTree = "<group>"; };
		18B20DC51FAC2C91005A6147 /* BottomTabViewController.xib */ = {isa = PBXFileReference; lastKnownFileType = file.xib; path = BottomTabViewController.xib; sourceTree = "<group>"; };
		18B20DC61FAC2C91005A6147 /* BottomTabViewController.swift */ = {isa = PBXFileReference; lastKnownFileType = sourcecode.swift; path = BottomTabViewController.swift; sourceTree = "<group>"; };
		18B20DCF1FAC5771005A6147 /* NotificationViewController.swift */ = {isa = PBXFileReference; lastKnownFileType = sourcecode.swift; path = NotificationViewController.swift; sourceTree = "<group>"; };
		18B20DD11FAC57A3005A6147 /* OrderListingViewController.swift */ = {isa = PBXFileReference; lastKnownFileType = sourcecode.swift; path = OrderListingViewController.swift; sourceTree = "<group>"; };
		18B20DD31FAC57B4005A6147 /* SalesViewController.swift */ = {isa = PBXFileReference; lastKnownFileType = sourcecode.swift; path = SalesViewController.swift; sourceTree = "<group>"; };
		18B20DD51FAC57C2005A6147 /* SDGViewController.swift */ = {isa = PBXFileReference; lastKnownFileType = sourcecode.swift; path = SDGViewController.swift; sourceTree = "<group>"; };
		18B5F8ED1FB5BE36004A341E /* ZendeskSDKStrings.bundle */ = {isa = PBXFileReference; lastKnownFileType = "wrapper.plug-in"; path = ZendeskSDKStrings.bundle; sourceTree = "<group>"; };
		18B5F8EE1FB5BE37004A341E /* ZendeskSDK.bundle */ = {isa = PBXFileReference; lastKnownFileType = "wrapper.plug-in"; path = ZendeskSDK.bundle; sourceTree = "<group>"; };
		18B5F8EF1FB5BE41004A341E /* ZendeskProviderSDK.framework */ = {isa = PBXFileReference; lastKnownFileType = wrapper.framework; path = ZendeskProviderSDK.framework; sourceTree = "<group>"; };
		18B5F8F01FB5BE46004A341E /* ZendeskSDK.framework */ = {isa = PBXFileReference; lastKnownFileType = wrapper.framework; path = ZendeskSDK.framework; sourceTree = "<group>"; };
		18BA7EDE1FAB256C00BA396E /* SideBarViewController.swift */ = {isa = PBXFileReference; lastKnownFileType = sourcecode.swift; path = SideBarViewController.swift; sourceTree = "<group>"; };
		18BEAA301FC59E9D007CDB75 /* LoadImage.swift */ = {isa = PBXFileReference; lastKnownFileType = sourcecode.swift; path = LoadImage.swift; sourceTree = "<group>"; };
		18C24B2F1FA9CE080095F260 /* Roboto-Bold.ttf */ = {isa = PBXFileReference; lastKnownFileType = file; path = "Roboto-Bold.ttf"; sourceTree = "<group>"; };
		18C24B311FA9CE0D0095F260 /* Roboto-Italic.ttf */ = {isa = PBXFileReference; lastKnownFileType = file; path = "Roboto-Italic.ttf"; sourceTree = "<group>"; };
		18C9EA711FB01096007E8C92 /* DynamicHeightWidth.swift */ = {isa = PBXFileReference; lastKnownFileType = sourcecode.swift; path = DynamicHeightWidth.swift; sourceTree = "<group>"; };
		18C9EA741FB041F2007E8C92 /* LocalizedString.swift */ = {isa = PBXFileReference; lastKnownFileType = sourcecode.swift; path = LocalizedString.swift; sourceTree = "<group>"; };
		18C9EA7A1FB05A75007E8C92 /* LoginDataModel.swift */ = {isa = PBXFileReference; lastKnownFileType = sourcecode.swift; path = LoginDataModel.swift; sourceTree = "<group>"; };
		18C9EA841FB05D98007E8C92 /* ConnectionManager.swift */ = {isa = PBXFileReference; lastKnownFileType = sourcecode.swift; path = ConnectionManager.swift; sourceTree = "<group>"; };
		18C9EA881FB06648007E8C92 /* LoginService.swift */ = {isa = PBXFileReference; lastKnownFileType = sourcecode.swift; path = LoginService.swift; sourceTree = "<group>"; };
		18C9EA8B1FB06B30007E8C92 /* BaseService.swift */ = {isa = PBXFileReference; lastKnownFileType = sourcecode.swift; path = BaseService.swift; sourceTree = "<group>"; };
		18C9EA8D1FB06B38007E8C92 /* iReachability.swift */ = {isa = PBXFileReference; lastKnownFileType = sourcecode.swift; path = iReachability.swift; sourceTree = "<group>"; };
		18CB45081FC5DF83003B2A88 /* ProductDataModel.swift */ = {isa = PBXFileReference; lastKnownFileType = sourcecode.swift; path = ProductDataModel.swift; sourceTree = "<group>"; };
		18CB450B1FC5DFC6003B2A88 /* ProductService.swift */ = {isa = PBXFileReference; lastKnownFileType = sourcecode.swift; path = ProductService.swift; sourceTree = "<group>"; };
		18CB45101FC5F511003B2A88 /* OrderDetailViewController.swift */ = {isa = PBXFileReference; lastKnownFileType = sourcecode.swift; path = OrderDetailViewController.swift; sourceTree = "<group>"; };
		18D7A68E1FC73E420058F3DD /* ReportsWebViewController.swift */ = {isa = PBXFileReference; lastKnownFileType = sourcecode.swift; path = ReportsWebViewController.swift; sourceTree = "<group>"; };
		18DA616F1FAB4DC800330B96 /* MobileCoreServices.framework */ = {isa = PBXFileReference; lastKnownFileType = wrapper.framework; name = MobileCoreServices.framework; path = System/Library/Frameworks/MobileCoreServices.framework; sourceTree = SDKROOT; };
		18DE7AAD1FB9BAF700DC9C39 /* KMPlaceholderTextView.swift */ = {isa = PBXFileReference; lastKnownFileType = sourcecode.swift; path = KMPlaceholderTextView.swift; sourceTree = "<group>"; };
		18F4E47C1FB5805A005C786E /* GlobalBackViewController.swift */ = {isa = PBXFileReference; lastKnownFileType = sourcecode.swift; path = GlobalBackViewController.swift; sourceTree = "<group>"; };
		18F4E47F1FB588B6005C786E /* ProfileDataModel.swift */ = {isa = PBXFileReference; lastKnownFileType = sourcecode.swift; path = ProfileDataModel.swift; sourceTree = "<group>"; };
		18F4E4821FB588EF005C786E /* ProfileService.swift */ = {isa = PBXFileReference; lastKnownFileType = sourcecode.swift; path = ProfileService.swift; sourceTree = "<group>"; };
		32018E101FC5B5F900F2A83A /* SearchViewController.swift */ = {isa = PBXFileReference; lastKnownFileType = sourcecode.swift; path = SearchViewController.swift; sourceTree = "<group>"; };
		4A3F82356D05E80B9AED8C77 /* Pods-GoPurpose.debug.xcconfig */ = {isa = PBXFileReference; includeInIndex = 1; lastKnownFileType = text.xcconfig; name = "Pods-GoPurpose.debug.xcconfig"; path = "Pods/Target Support Files/Pods-GoPurpose/Pods-GoPurpose.debug.xcconfig"; sourceTree = "<group>"; };
		BABAA438305808A98519197A /* Pods-GoPurpose.release.xcconfig */ = {isa = PBXFileReference; includeInIndex = 1; lastKnownFileType = text.xcconfig; name = "Pods-GoPurpose.release.xcconfig"; path = "Pods/Target Support Files/Pods-GoPurpose/Pods-GoPurpose.release.xcconfig"; sourceTree = "<group>"; };
/* End PBXFileReference section */

/* Begin PBXFrameworksBuildPhase section */
		18956FEF1FA8A736009DC63A /* Frameworks */ = {
			isa = PBXFrameworksBuildPhase;
			buildActionMask = 2147483647;
			files = (
				18B5F8F21FB5BE53004A341E /* ZendeskSDK.framework in Frameworks */,
				185773921FB4370B00CE693E /* UserNotifications.framework in Frameworks */,
				18B5F8F11FB5BE51004A341E /* ZendeskProviderSDK.framework in Frameworks */,
				18DA61701FAB4DC800330B96 /* MobileCoreServices.framework in Frameworks */,
				A4B21DFC8726D53D04E60333 /* Pods_GoPurpose.framework in Frameworks */,
			);
			runOnlyForDeploymentPostprocessing = 0;
		};
/* End PBXFrameworksBuildPhase section */

/* Begin PBXGroup section */
		182265E61FB3327D00C27783 /* LocalisedFiles */ = {
			isa = PBXGroup;
			children = (
				182265E71FB332B200C27783 /* gp_en.strings */,
				182265E91FB332CA00C27783 /* gp_cn.strings */,
				182265EB1FB332D700C27783 /* gp_zh.strings */,
			);
			path = LocalisedFiles;
			sourceTree = "<group>";
		};
		1828C0F81FC7F8E7008398BA /* OrderModel */ = {
			isa = PBXGroup;
			children = (
				1828C0F91FC7F941008398BA /* OrderDataModel.swift */,
			);
			path = OrderModel;
			sourceTree = "<group>";
		};
		1842AE961FA97F7F0075BEF2 /* SupportingFiles */ = {
			isa = PBXGroup;
			children = (
				18B5F8EA1FB5BE13004A341E /* Zopim */,
				182265E61FB3327D00C27783 /* LocalisedFiles */,
				18C24B2E1FA9CDF70095F260 /* Fonts */,
				1842AE921FA97F6D0075BEF2 /* GoPurpose-Bridging-Header.h */,
			);
			path = SupportingFiles;
			sourceTree = "<group>";
		};
		186E90A61FB5586C00EF863A /* SettingsModule */ = {
			isa = PBXGroup;
			children = (
				186E90A81FB5589100EF863A /* EditProfileViewController */,
				186E90A71FB5588B00EF863A /* ChangePasswordViewController */,
				186FD5001FAB0E0600081D8A /* SettingViewController */,
			);
			path = SettingsModule;
			sourceTree = "<group>";
		};
		186E90A71FB5588B00EF863A /* ChangePasswordViewController */ = {
			isa = PBXGroup;
			children = (
				186E90A91FB558BB00EF863A /* ChangePasswordViewController.swift */,
			);
			path = ChangePasswordViewController;
			sourceTree = "<group>";
		};
		186E90A81FB5589100EF863A /* EditProfileViewController */ = {
			isa = PBXGroup;
			children = (
				186E90AB1FB558D000EF863A /* EditProfileViewController.swift */,
			);
			path = EditProfileViewController;
			sourceTree = "<group>";
		};
		186E90AD1FB558D900EF863A /* LoginModule */ = {
			isa = PBXGroup;
			children = (
				187D4AE01FA9966400FA96DC /* LoginViewController */,
				187D4AE31FA9969400FA96DC /* ForgotPasswordViewController */,
			);
			path = LoginModule;
			sourceTree = "<group>";
		};
		186E90AE1FB558EC00EF863A /* GlobalModule */ = {
			isa = PBXGroup;
			children = (
				18B20DC21FAC2C54005A6147 /* GlobalViewController */,
				187D4AE11FA9967700FA96DC /* SideBarViewController */,
				18B20DC41FAC2C7F005A6147 /* BottomTabViewController */,
			);
			path = GlobalModule;
			sourceTree = "<group>";
		};
		186E90AF1FB5591700EF863A /* DashboardModule */ = {
			isa = PBXGroup;
			children = (
				187D4AE21FA9968500FA96DC /* DashboardViewController */,
			);
			path = DashboardModule;
			sourceTree = "<group>";
		};
		186FD4F41FAAD46200081D8A /* Extensions */ = {
			isa = PBXGroup;
			children = (
				18DE7AAD1FB9BAF700DC9C39 /* KMPlaceholderTextView.swift */,
				189263171FB1AA8F00BE00A2 /* UITextField+Validations.swift */,
				18C9EA711FB01096007E8C92 /* DynamicHeightWidth.swift */,
				186FD4F71FAAD67200081D8A /* CornerRadius+UIVIew.swift */,
				186FD4F91FAAD89900081D8A /* Padding+UITextField.swift */,
			);
			path = Extensions;
			sourceTree = "<group>";
		};
		186FD4FE1FAB0DF100081D8A /* ProductListViewController */ = {
			isa = PBXGroup;
			children = (
				186FD5011FAB0E4700081D8A /* ProductListViewController.swift */,
			);
			path = ProductListViewController;
			sourceTree = "<group>";
		};
		186FD4FF1FAB0DFB00081D8A /* MessageViewController */ = {
			isa = PBXGroup;
			children = (
				186FD5051FAB0E8F00081D8A /* MessageViewController.swift */,
			);
			path = MessageViewController;
			sourceTree = "<group>";
		};
		186FD5001FAB0E0600081D8A /* SettingViewController */ = {
			isa = PBXGroup;
			children = (
				186FD5031FAB0E7B00081D8A /* SettingsViewController.swift */,
			);
			path = SettingViewController;
			sourceTree = "<group>";
		};
		187D4AD41FA9930F00FA96DC /* SCLALertView */ = {
			isa = PBXGroup;
			children = (
				187D4AD61FA9943500FA96DC /* SCLAlertView.swift */,
				187D4AD51FA9943500FA96DC /* SCLExtensions.swift */,
			);
			path = SCLALertView;
			sourceTree = "<group>";
		};
		187D4ADE1FA9962900FA96DC /* Utils */ = {
			isa = PBXGroup;
			children = (
				187D4ADF1FA9963600FA96DC /* FontUtility.swift */,
			);
			path = Utils;
			sourceTree = "<group>";
		};
		187D4AE01FA9966400FA96DC /* LoginViewController */ = {
			isa = PBXGroup;
			children = (
				187D4AD71FA9952A00FA96DC /* LoginViewController.swift */,
			);
			path = LoginViewController;
			sourceTree = "<group>";
		};
		187D4AE11FA9967700FA96DC /* SideBarViewController */ = {
			isa = PBXGroup;
			children = (
				18BA7EDE1FAB256C00BA396E /* SideBarViewController.swift */,
			);
			path = SideBarViewController;
			sourceTree = "<group>";
		};
		187D4AE21FA9968500FA96DC /* DashboardViewController */ = {
			isa = PBXGroup;
			children = (
				186FD4FC1FAB0DEA00081D8A /* DashboardViewController.swift */,
			);
			path = DashboardViewController;
			sourceTree = "<group>";
		};
		187D4AE31FA9969400FA96DC /* ForgotPasswordViewController */ = {
			isa = PBXGroup;
			children = (
				187D4AE41FA996B700FA96DC /* ForgotPasswordViewController.swift */,
			);
			path = ForgotPasswordViewController;
			sourceTree = "<group>";
		};
		1892630F1FB1715100BE00A2 /* ActivityIndicator */ = {
			isa = PBXGroup;
			children = (
				189263111FB171F000BE00A2 /* MMMaterialDesignSpinner.h */,
				189263101FB171F000BE00A2 /* MMMaterialDesignSpinner.m */,
			);
			path = ActivityIndicator;
			sourceTree = "<group>";
		};
		18956FE91FA8A736009DC63A = {
			isa = PBXGroup;
			children = (
				18956FF41FA8A736009DC63A /* GoPurpose */,
				18956FF31FA8A736009DC63A /* Products */,
				EA56ECF8E166E94C585472A5 /* Pods */,
				4346BE6BE6968F803DD44874 /* Frameworks */,
			);
			sourceTree = "<group>";
		};
		18956FF31FA8A736009DC63A /* Products */ = {
			isa = PBXGroup;
			children = (
				18956FF21FA8A736009DC63A /* GoPurpose.app */,
			);
			name = Products;
			sourceTree = "<group>";
		};
		18956FF41FA8A736009DC63A /* GoPurpose */ = {
			isa = PBXGroup;
			children = (
				185773931FB44CB000CE693E /* GoPurpose.entitlements */,
				189570071FA8A78E009DC63A /* AppDelegate */,
				189570081FA8A797009DC63A /* Classes */,
				1842AE961FA97F7F0075BEF2 /* SupportingFiles */,
				18956FFC1FA8A736009DC63A /* Assets.xcassets */,
				185FCBC11FA9D75400D11A4D /* Main.storyboard */,
				18956FFE1FA8A736009DC63A /* LaunchScreen.storyboard */,
				189570011FA8A736009DC63A /* Info.plist */,
			);
			path = GoPurpose;
			sourceTree = "<group>";
		};
		189570071FA8A78E009DC63A /* AppDelegate */ = {
			isa = PBXGroup;
			children = (
				18956FF51FA8A736009DC63A /* AppDelegate.swift */,
			);
			path = AppDelegate;
			sourceTree = "<group>";
		};
		189570081FA8A797009DC63A /* Classes */ = {
			isa = PBXGroup;
			children = (
				18C9EA7D1FB05A95007E8C92 /* ServerCommuication */,
				18C9EA791FB0592F007E8C92 /* Models */,
				187D4ADE1FA9962900FA96DC /* Utils */,
				1895700C1FA8A7CA009DC63A /* Views */,
				189570091FA8A7AC009DC63A /* Controllers */,
			);
			path = Classes;
			sourceTree = "<group>";
		};
		189570091FA8A7AC009DC63A /* Controllers */ = {
			isa = PBXGroup;
			children = (
				18D7A6891FC73DD00058F3DD /* SalesViewModule */,
				18CB450E1FC5F4E1003B2A88 /* OrderModule */,
				32018E0D1FC5B5BF00F2A83A /* ProductModule */,
				186E90AE1FB558EC00EF863A /* GlobalModule */,
				186E90AF1FB5591700EF863A /* DashboardModule */,
				186E90AD1FB558D900EF863A /* LoginModule */,
				186E90A61FB5586C00EF863A /* SettingsModule */,
				186FD4FF1FAB0DFB00081D8A /* MessageViewController */,
				18B20DCB1FAC5724005A6147 /* NotificationViewController */,
				18B20DCE1FAC5751005A6147 /* SDGViewController */,
			);
			path = Controllers;
			sourceTree = "<group>";
		};
		1895700B1FA8A7BA009DC63A /* HelperClasses */ = {
			isa = PBXGroup;
			children = (
				18BEAA2F1FC59E85007CDB75 /* DownloadImages */,
				1892630F1FB1715100BE00A2 /* ActivityIndicator */,
				18C9EA731FB041CC007E8C92 /* Localization */,
				1895700D1FA8A7EE009DC63A /* SWRevealView */,
				186FD4F41FAAD46200081D8A /* Extensions */,
				187D4AD41FA9930F00FA96DC /* SCLALertView */,
				1895700F1FA8A82D009DC63A /* BSKeyboardControl */,
				1895700E1FA8A824009DC63A /* Constant */,
			);
			path = HelperClasses;
			sourceTree = "<group>";
		};
		1895700C1FA8A7CA009DC63A /* Views */ = {
			isa = PBXGroup;
			children = (
				1895700B1FA8A7BA009DC63A /* HelperClasses */,
			);
			path = Views;
			sourceTree = "<group>";
		};
		1895700D1FA8A7EE009DC63A /* SWRevealView */ = {
			isa = PBXGroup;
			children = (
				1842AE931FA97F6E0075BEF2 /* SWRevealViewController.h */,
				1842AE941FA97F6E0075BEF2 /* SWRevealViewController.m */,
			);
			path = SWRevealView;
			sourceTree = "<group>";
		};
		1895700E1FA8A824009DC63A /* Constant */ = {
			isa = PBXGroup;
			children = (
				187D4ADB1FA9960000FA96DC /* Constant.swift */,
			);
			path = Constant;
			sourceTree = "<group>";
		};
		1895700F1FA8A82D009DC63A /* BSKeyboardControl */ = {
			isa = PBXGroup;
			children = (
				187D4ADD1FA9961D00FA96DC /* BSKeyboardControls.swift */,
			);
			path = BSKeyboardControl;
			sourceTree = "<group>";
		};
		18B20DC21FAC2C54005A6147 /* GlobalViewController */ = {
			isa = PBXGroup;
			children = (
				18B20DC31FAC2C68005A6147 /* GlobalViewController.swift */,
				18F4E47C1FB5805A005C786E /* GlobalBackViewController.swift */,
			);
			path = GlobalViewController;
			sourceTree = "<group>";
		};
		18B20DC41FAC2C7F005A6147 /* BottomTabViewController */ = {
			isa = PBXGroup;
			children = (
				18B20DC61FAC2C91005A6147 /* BottomTabViewController.swift */,
				18B20DC51FAC2C91005A6147 /* BottomTabViewController.xib */,
			);
			path = BottomTabViewController;
			sourceTree = "<group>";
		};
		18B20DCB1FAC5724005A6147 /* NotificationViewController */ = {
			isa = PBXGroup;
			children = (
				18B20DCF1FAC5771005A6147 /* NotificationViewController.swift */,
			);
			path = NotificationViewController;
			sourceTree = "<group>";
		};
		18B20DCC1FAC5735005A6147 /* OrderListingViewController */ = {
			isa = PBXGroup;
			children = (
				18B20DD11FAC57A3005A6147 /* OrderListingViewController.swift */,
			);
			path = OrderListingViewController;
			sourceTree = "<group>";
		};
		18B20DCD1FAC5746005A6147 /* SalesViewController */ = {
			isa = PBXGroup;
			children = (
				18B20DD31FAC57B4005A6147 /* SalesViewController.swift */,
			);
			path = SalesViewController;
			sourceTree = "<group>";
		};
		18B20DCE1FAC5751005A6147 /* SDGViewController */ = {
			isa = PBXGroup;
			children = (
				18B20DD51FAC57C2005A6147 /* SDGViewController.swift */,
			);
			path = SDGViewController;
			sourceTree = "<group>";
		};
		18B5F8EA1FB5BE13004A341E /* Zopim */ = {
			isa = PBXGroup;
			children = (
				18B5F8EC1FB5BE25004A341E /* Framework */,
				18B5F8EB1FB5BE1F004A341E /* Bundles */,
			);
			path = Zopim;
			sourceTree = "<group>";
		};
		18B5F8EB1FB5BE1F004A341E /* Bundles */ = {
			isa = PBXGroup;
			children = (
				18B5F8EE1FB5BE37004A341E /* ZendeskSDK.bundle */,
				18B5F8ED1FB5BE36004A341E /* ZendeskSDKStrings.bundle */,
			);
			path = Bundles;
			sourceTree = "<group>";
		};
		18B5F8EC1FB5BE25004A341E /* Framework */ = {
			isa = PBXGroup;
			children = (
				18B5F8EF1FB5BE41004A341E /* ZendeskProviderSDK.framework */,
				18B5F8F01FB5BE46004A341E /* ZendeskSDK.framework */,
			);
			path = Framework;
			sourceTree = "<group>";
		};
		18BEAA2F1FC59E85007CDB75 /* DownloadImages */ = {
			isa = PBXGroup;
			children = (
				18BEAA301FC59E9D007CDB75 /* LoadImage.swift */,
			);
			path = DownloadImages;
			sourceTree = "<group>";
		};
		18C24B2E1FA9CDF70095F260 /* Fonts */ = {
			isa = PBXGroup;
			children = (
				186FD50A1FAB16EA00081D8A /* Montserrat-Bold.otf */,
				186FD5091FAB16E200081D8A /* Montserrat-Light.otf */,
				186FD50B1FAB16ED00081D8A /* Montserrat-Medium.otf */,
				186FD5071FAB16DD00081D8A /* Montserrat-Regular.ttf */,
				186FD5081FAB16DE00081D8A /* Montserrat-SemiBold.otf */,
				18C24B2F1FA9CE080095F260 /* Roboto-Bold.ttf */,
				18C24B311FA9CE0D0095F260 /* Roboto-Italic.ttf */,
			);
			path = Fonts;
			sourceTree = "<group>";
		};
		18C4A5401FC70DF000CEFE9C /* OrderService */ = {
			isa = PBXGroup;
			children = (
				1828C0FB1FC7F969008398BA /* OrderService.swift */,
			);
			path = OrderService;
			sourceTree = "<group>";
		};
		18C9EA731FB041CC007E8C92 /* Localization */ = {
			isa = PBXGroup;
			children = (
				18C9EA741FB041F2007E8C92 /* LocalizedString.swift */,
			);
			path = Localization;
			sourceTree = "<group>";
		};
		18C9EA791FB0592F007E8C92 /* Models */ = {
			isa = PBXGroup;
			children = (
				1828C0F81FC7F8E7008398BA /* OrderModel */,
				18CB45041FC5DEC2003B2A88 /* ProductModel */,
				18F4E47E1FB5889E005C786E /* ProfileModel */,
				18C9EA7C1FB05A7D007E8C92 /* LoginModel */,
			);
			path = Models;
			sourceTree = "<group>";
		};
		18C9EA7C1FB05A7D007E8C92 /* LoginModel */ = {
			isa = PBXGroup;
			children = (
				18C9EA7A1FB05A75007E8C92 /* LoginDataModel.swift */,
			);
			path = LoginModel;
			sourceTree = "<group>";
		};
		18C9EA7D1FB05A95007E8C92 /* ServerCommuication */ = {
			isa = PBXGroup;
			children = (
				18C4A5401FC70DF000CEFE9C /* OrderService */,
				18CB450A1FC5DF90003B2A88 /* ProductService */,
				18F4E4811FB588C9005C786E /* ProfileService */,
				18C9EA861FB0662C007E8C92 /* LoginService */,
				18C9EA7F1FB05AA9007E8C92 /* ConnectionManager */,
				18C9EA7E1FB05A9F007E8C92 /* BaseService */,
			);
			path = ServerCommuication;
			sourceTree = "<group>";
		};
		18C9EA7E1FB05A9F007E8C92 /* BaseService */ = {
			isa = PBXGroup;
			children = (
				18C9EA8D1FB06B38007E8C92 /* iReachability.swift */,
				18C9EA8B1FB06B30007E8C92 /* BaseService.swift */,
			);
			path = BaseService;
			sourceTree = "<group>";
		};
		18C9EA7F1FB05AA9007E8C92 /* ConnectionManager */ = {
			isa = PBXGroup;
			children = (
				18C9EA841FB05D98007E8C92 /* ConnectionManager.swift */,
			);
			path = ConnectionManager;
			sourceTree = "<group>";
		};
		18C9EA861FB0662C007E8C92 /* LoginService */ = {
			isa = PBXGroup;
			children = (
				18C9EA881FB06648007E8C92 /* LoginService.swift */,
			);
			path = LoginService;
			sourceTree = "<group>";
		};
		18CB45041FC5DEC2003B2A88 /* ProductModel */ = {
			isa = PBXGroup;
			children = (
				18CB45081FC5DF83003B2A88 /* ProductDataModel.swift */,
			);
			path = ProductModel;
			sourceTree = "<group>";
		};
		18CB450A1FC5DF90003B2A88 /* ProductService */ = {
			isa = PBXGroup;
			children = (
				18CB450B1FC5DFC6003B2A88 /* ProductService.swift */,
			);
			path = ProductService;
			sourceTree = "<group>";
		};
		18CB450E1FC5F4E1003B2A88 /* OrderModule */ = {
			isa = PBXGroup;
			children = (
				18CB450F1FC5F4EF003B2A88 /* OrderDetailView */,
				18B20DCC1FAC5735005A6147 /* OrderListingViewController */,
			);
			path = OrderModule;
			sourceTree = "<group>";
		};
		18CB450F1FC5F4EF003B2A88 /* OrderDetailView */ = {
			isa = PBXGroup;
			children = (
				18CB45101FC5F511003B2A88 /* OrderDetailViewController.swift */,
			);
			path = OrderDetailView;
			sourceTree = "<group>";
		};
		18D7A6891FC73DD00058F3DD /* SalesViewModule */ = {
			isa = PBXGroup;
			children = (
				18B20DCD1FAC5746005A6147 /* SalesViewController */,
				18D7A68A1FC73DF00058F3DD /* ReportsWebViewController */,
			);
			path = SalesViewModule;
			sourceTree = "<group>";
		};
		18D7A68A1FC73DF00058F3DD /* ReportsWebViewController */ = {
			isa = PBXGroup;
			children = (
				18D7A68E1FC73E420058F3DD /* ReportsWebViewController.swift */,
			);
			path = ReportsWebViewController;
			sourceTree = "<group>";
		};
		18F4E47E1FB5889E005C786E /* ProfileModel */ = {
			isa = PBXGroup;
			children = (
				18F4E47F1FB588B6005C786E /* ProfileDataModel.swift */,
			);
			path = ProfileModel;
			sourceTree = "<group>";
		};
		18F4E4811FB588C9005C786E /* ProfileService */ = {
			isa = PBXGroup;
			children = (
				18F4E4821FB588EF005C786E /* ProfileService.swift */,
			);
			path = ProfileService;
			sourceTree = "<group>";
		};
		32018E0D1FC5B5BF00F2A83A /* ProductModule */ = {
			isa = PBXGroup;
			children = (
				186FD4FE1FAB0DF100081D8A /* ProductListViewController */,
				32018E0F1FC5B5D400F2A83A /* SearchView */,
			);
			path = ProductModule;
			sourceTree = "<group>";
		};
		32018E0F1FC5B5D400F2A83A /* SearchView */ = {
			isa = PBXGroup;
			children = (
				32018E101FC5B5F900F2A83A /* SearchViewController.swift */,
			);
			path = SearchView;
			sourceTree = "<group>";
		};
		4346BE6BE6968F803DD44874 /* Frameworks */ = {
			isa = PBXGroup;
			children = (
				185773911FB4370B00CE693E /* UserNotifications.framework */,
				18DA616F1FAB4DC800330B96 /* MobileCoreServices.framework */,
				154C9D793D75A26BEE0EC7EC /* Pods_GoPurpose.framework */,
			);
			name = Frameworks;
			sourceTree = "<group>";
		};
		EA56ECF8E166E94C585472A5 /* Pods */ = {
			isa = PBXGroup;
			children = (
				4A3F82356D05E80B9AED8C77 /* Pods-GoPurpose.debug.xcconfig */,
				BABAA438305808A98519197A /* Pods-GoPurpose.release.xcconfig */,
			);
			name = Pods;
			sourceTree = "<group>";
		};
/* End PBXGroup section */

/* Begin PBXNativeTarget section */
		18956FF11FA8A736009DC63A /* GoPurpose */ = {
			isa = PBXNativeTarget;
			buildConfigurationList = 189570041FA8A736009DC63A /* Build configuration list for PBXNativeTarget "GoPurpose" */;
			buildPhases = (
				63B55C096D383CF8DFD7153A /* [CP] Check Pods Manifest.lock */,
				18956FEE1FA8A736009DC63A /* Sources */,
				18956FEF1FA8A736009DC63A /* Frameworks */,
				18956FF01FA8A736009DC63A /* Resources */,
				9A1A5C383E08A6371565FF20 /* [CP] Embed Pods Frameworks */,
				D86A90EAE896774C7EA75C1F /* [CP] Copy Pods Resources */,
			);
			buildRules = (
			);
			dependencies = (
			);
			name = GoPurpose;
			productName = GoPurpose;
			productReference = 18956FF21FA8A736009DC63A /* GoPurpose.app */;
			productType = "com.apple.product-type.application";
		};
/* End PBXNativeTarget section */

/* Begin PBXProject section */
		18956FEA1FA8A736009DC63A /* Project object */ = {
			isa = PBXProject;
			attributes = {
				LastSwiftUpdateCheck = 0900;
				LastUpgradeCheck = 0900;
				ORGANIZATIONNAME = "Ranosys-Mac";
				TargetAttributes = {
					18956FF11FA8A736009DC63A = {
						CreatedOnToolsVersion = 9.0;
						LastSwiftMigration = 0900;
						ProvisioningStyle = Manual;
						SystemCapabilities = {
							com.apple.BackgroundModes = {
								enabled = 1;
							};
							com.apple.Push = {
								enabled = 1;
							};
						};
					};
				};
			};
			buildConfigurationList = 18956FED1FA8A736009DC63A /* Build configuration list for PBXProject "GoPurpose" */;
			compatibilityVersion = "Xcode 8.0";
			developmentRegion = en;
			hasScannedForEncodings = 0;
			knownRegions = (
				en,
				Base,
			);
			mainGroup = 18956FE91FA8A736009DC63A;
			productRefGroup = 18956FF31FA8A736009DC63A /* Products */;
			projectDirPath = "";
			projectRoot = "";
			targets = (
				18956FF11FA8A736009DC63A /* GoPurpose */,
			);
		};
/* End PBXProject section */

/* Begin PBXResourcesBuildPhase section */
		18956FF01FA8A736009DC63A /* Resources */ = {
			isa = PBXResourcesBuildPhase;
			buildActionMask = 2147483647;
			files = (
				18B5F8F41FB5BE57004A341E /* ZendeskSDKStrings.bundle in Resources */,
				186FD50C1FAB176A00081D8A /* Montserrat-Bold.otf in Resources */,
				186FD50D1FAB176A00081D8A /* Montserrat-Light.otf in Resources */,
				182265EC1FB332D700C27783 /* gp_zh.strings in Resources */,
				186FD50E1FAB176A00081D8A /* Montserrat-Medium.otf in Resources */,
				186FD50F1FAB176A00081D8A /* Montserrat-Regular.ttf in Resources */,
				18B20DC91FAC2D31005A6147 /* BottomTabViewController.xib in Resources */,
				182265EA1FB332CA00C27783 /* gp_cn.strings in Resources */,
				186FD5101FAB176A00081D8A /* Montserrat-SemiBold.otf in Resources */,
				185FCBC41FA9D8A500D11A4D /* Roboto-Bold.ttf in Resources */,
				185FCBC51FA9D8A500D11A4D /* Roboto-Italic.ttf in Resources */,
				185FCBC21FA9D78200D11A4D /* Main.storyboard in Resources */,
				182265E81FB332B200C27783 /* gp_en.strings in Resources */,
				189570001FA8A736009DC63A /* LaunchScreen.storyboard in Resources */,
				18B5F8F31FB5BE55004A341E /* ZendeskSDK.bundle in Resources */,
				18956FFD1FA8A736009DC63A /* Assets.xcassets in Resources */,
			);
			runOnlyForDeploymentPostprocessing = 0;
		};
/* End PBXResourcesBuildPhase section */

/* Begin PBXShellScriptBuildPhase section */
		63B55C096D383CF8DFD7153A /* [CP] Check Pods Manifest.lock */ = {
			isa = PBXShellScriptBuildPhase;
			buildActionMask = 2147483647;
			files = (
			);
			inputPaths = (
				"${PODS_PODFILE_DIR_PATH}/Podfile.lock",
				"${PODS_ROOT}/Manifest.lock",
			);
			name = "[CP] Check Pods Manifest.lock";
			outputPaths = (
				"$(DERIVED_FILE_DIR)/Pods-GoPurpose-checkManifestLockResult.txt",
			);
			runOnlyForDeploymentPostprocessing = 0;
			shellPath = /bin/sh;
			shellScript = "diff \"${PODS_PODFILE_DIR_PATH}/Podfile.lock\" \"${PODS_ROOT}/Manifest.lock\" > /dev/null\nif [ $? != 0 ] ; then\n    # print error to STDERR\n    echo \"error: The sandbox is not in sync with the Podfile.lock. Run 'pod install' or update your CocoaPods installation.\" >&2\n    exit 1\nfi\n# This output is used by Xcode 'outputs' to avoid re-running this script phase.\necho \"SUCCESS\" > \"${SCRIPT_OUTPUT_FILE_0}\"\n";
			showEnvVarsInLog = 0;
		};
		9A1A5C383E08A6371565FF20 /* [CP] Embed Pods Frameworks */ = {
			isa = PBXShellScriptBuildPhase;
			buildActionMask = 2147483647;
			files = (
			);
			inputPaths = (
				"${SRCROOT}/Pods/Target Support Files/Pods-GoPurpose/Pods-GoPurpose-frameworks.sh",
				"${BUILT_PRODUCTS_DIR}/Alamofire/Alamofire.framework",
			);
			name = "[CP] Embed Pods Frameworks";
			outputPaths = (
				"${TARGET_BUILD_DIR}/${FRAMEWORKS_FOLDER_PATH}/Alamofire.framework",
			);
			runOnlyForDeploymentPostprocessing = 0;
			shellPath = /bin/sh;
			shellScript = "\"${SRCROOT}/Pods/Target Support Files/Pods-GoPurpose/Pods-GoPurpose-frameworks.sh\"\n";
			showEnvVarsInLog = 0;
		};
		D86A90EAE896774C7EA75C1F /* [CP] Copy Pods Resources */ = {
			isa = PBXShellScriptBuildPhase;
			buildActionMask = 2147483647;
			files = (
			);
			inputPaths = (
			);
			name = "[CP] Copy Pods Resources";
			outputPaths = (
			);
			runOnlyForDeploymentPostprocessing = 0;
			shellPath = /bin/sh;
			shellScript = "\"${SRCROOT}/Pods/Target Support Files/Pods-GoPurpose/Pods-GoPurpose-resources.sh\"\n";
			showEnvVarsInLog = 0;
		};
/* End PBXShellScriptBuildPhase section */

/* Begin PBXSourcesBuildPhase section */
		18956FEE1FA8A736009DC63A /* Sources */ = {
			isa = PBXSourcesBuildPhase;
			buildActionMask = 2147483647;
			files = (
				18CB45111FC5F511003B2A88 /* OrderDetailViewController.swift in Sources */,
				187D4AD81FA9952A00FA96DC /* LoginViewController.swift in Sources */,
				18C9EA931FB06F97007E8C92 /* SCLExtensions.swift in Sources */,
				18B20DC81FAC2D25005A6147 /* BottomTabViewController.swift in Sources */,
				18C9EA751FB041F2007E8C92 /* LocalizedString.swift in Sources */,
				18F4E47D1FB5805A005C786E /* GlobalBackViewController.swift in Sources */,
				186FD4FD1FAB0DEA00081D8A /* DashboardViewController.swift in Sources */,
				18B20DD41FAC57B4005A6147 /* SalesViewController.swift in Sources */,
				186FD5041FAB0E7B00081D8A /* SettingsViewController.swift in Sources */,
				18D7A68F1FC73E420058F3DD /* ReportsWebViewController.swift in Sources */,
				18B20DC71FAC2D23005A6147 /* GlobalViewController.swift in Sources */,
				18C9EA7B1FB05A75007E8C92 /* LoginDataModel.swift in Sources */,
				186E90AA1FB558BB00EF863A /* ChangePasswordViewController.swift in Sources */,
				18BEAA311FC59EE3007CDB75 /* LoadImage.swift in Sources */,
				18C9EA721FB01096007E8C92 /* DynamicHeightWidth.swift in Sources */,
				18CB450C1FC5DFC6003B2A88 /* ProductService.swift in Sources */,
				186E90AC1FB558D000EF863A /* EditProfileViewController.swift in Sources */,
				189263121FB1720900BE00A2 /* MMMaterialDesignSpinner.m in Sources */,
				1828C0FA1FC7F941008398BA /* OrderDataModel.swift in Sources */,
				186FD5021FAB0E4700081D8A /* ProductListViewController.swift in Sources */,
				187D4AE51FA996B700FA96DC /* ForgotPasswordViewController.swift in Sources */,
				18B20DCA1FAC35A8005A6147 /* FontUtility.swift in Sources */,
				18B20DD21FAC57A3005A6147 /* OrderListingViewController.swift in Sources */,
				18C9EA851FB05D98007E8C92 /* ConnectionManager.swift in Sources */,
				18956FF61FA8A736009DC63A /* AppDelegate.swift in Sources */,
				32018E111FC5B5F900F2A83A /* SearchViewController.swift in Sources */,
				18B20DD61FAC57C2005A6147 /* SDGViewController.swift in Sources */,
				1842AE951FA97F6E0075BEF2 /* SWRevealViewController.m in Sources */,
				18BA7EDF1FAB256C00BA396E /* SideBarViewController.swift in Sources */,
				189263181FB1AA9000BE00A2 /* UITextField+Validations.swift in Sources */,
				18F4E4801FB588B6005C786E /* ProfileDataModel.swift in Sources */,
				186FD4F81FAAD67200081D8A /* CornerRadius+UIVIew.swift in Sources */,
				18DE7AAE1FB9BAF700DC9C39 /* KMPlaceholderTextView.swift in Sources */,
				18B20DD01FAC5772005A6147 /* NotificationViewController.swift in Sources */,
				18C9EA8C1FB06B30007E8C92 /* BaseService.swift in Sources */,
				186FD4FB1FAAE7E500081D8A /* BSKeyboardControls.swift in Sources */,
				18F4E4831FB588EF005C786E /* ProfileService.swift in Sources */,
				18CB450D1FC5E3E7003B2A88 /* ProductDataModel.swift in Sources */,
				187D4ADC1FA9960000FA96DC /* Constant.swift in Sources */,
				18C9EA891FB06648007E8C92 /* LoginService.swift in Sources */,
				186FD5061FAB0E8F00081D8A /* MessageViewController.swift in Sources */,
				1828C0FC1FC7F969008398BA /* OrderService.swift in Sources */,
				186FD4FA1FAAD89900081D8A /* Padding+UITextField.swift in Sources */,
				18C9EA921FB06F93007E8C92 /* SCLAlertView.swift in Sources */,
				18C9EA8E1FB06B38007E8C92 /* iReachability.swift in Sources */,
			);
			runOnlyForDeploymentPostprocessing = 0;
		};
/* End PBXSourcesBuildPhase section */

/* Begin PBXVariantGroup section */
		18956FFE1FA8A736009DC63A /* LaunchScreen.storyboard */ = {
			isa = PBXVariantGroup;
			children = (
				18956FFF1FA8A736009DC63A /* Base */,
			);
			name = LaunchScreen.storyboard;
			sourceTree = "<group>";
		};
/* End PBXVariantGroup section */

/* Begin XCBuildConfiguration section */
		189570021FA8A736009DC63A /* Debug */ = {
			isa = XCBuildConfiguration;
			buildSettings = {
				ALWAYS_SEARCH_USER_PATHS = NO;
				CLANG_ANALYZER_NONNULL = YES;
				CLANG_ANALYZER_NUMBER_OBJECT_CONVERSION = YES_AGGRESSIVE;
				CLANG_CXX_LANGUAGE_STANDARD = "gnu++14";
				CLANG_CXX_LIBRARY = "libc++";
				CLANG_ENABLE_MODULES = YES;
				CLANG_ENABLE_OBJC_ARC = YES;
				CLANG_WARN_BLOCK_CAPTURE_AUTORELEASING = YES;
				CLANG_WARN_BOOL_CONVERSION = YES;
				CLANG_WARN_COMMA = YES;
				CLANG_WARN_CONSTANT_CONVERSION = YES;
				CLANG_WARN_DIRECT_OBJC_ISA_USAGE = YES_ERROR;
				CLANG_WARN_DOCUMENTATION_COMMENTS = YES;
				CLANG_WARN_EMPTY_BODY = YES;
				CLANG_WARN_ENUM_CONVERSION = YES;
				CLANG_WARN_INFINITE_RECURSION = YES;
				CLANG_WARN_INT_CONVERSION = YES;
				CLANG_WARN_NON_LITERAL_NULL_CONVERSION = YES;
				CLANG_WARN_OBJC_LITERAL_CONVERSION = YES;
				CLANG_WARN_OBJC_ROOT_CLASS = YES_ERROR;
				CLANG_WARN_RANGE_LOOP_ANALYSIS = YES;
				CLANG_WARN_STRICT_PROTOTYPES = YES;
				CLANG_WARN_SUSPICIOUS_MOVE = YES;
				CLANG_WARN_UNGUARDED_AVAILABILITY = YES_AGGRESSIVE;
				CLANG_WARN_UNREACHABLE_CODE = YES;
				CLANG_WARN__DUPLICATE_METHOD_MATCH = YES;
				CODE_SIGN_IDENTITY = "iPhone Developer";
				COPY_PHASE_STRIP = NO;
				DEBUG_INFORMATION_FORMAT = dwarf;
				ENABLE_STRICT_OBJC_MSGSEND = YES;
				ENABLE_TESTABILITY = YES;
				GCC_C_LANGUAGE_STANDARD = gnu11;
				GCC_DYNAMIC_NO_PIC = NO;
				GCC_NO_COMMON_BLOCKS = YES;
				GCC_OPTIMIZATION_LEVEL = 0;
				GCC_PREFIX_HEADER = "";
				GCC_PREPROCESSOR_DEFINITIONS = (
					"DEBUG=1",
					"$(inherited)",
				);
				GCC_WARN_64_TO_32_BIT_CONVERSION = YES;
				GCC_WARN_ABOUT_RETURN_TYPE = YES_ERROR;
				GCC_WARN_UNDECLARED_SELECTOR = YES;
				GCC_WARN_UNINITIALIZED_AUTOS = YES_AGGRESSIVE;
				GCC_WARN_UNUSED_FUNCTION = YES;
				GCC_WARN_UNUSED_VARIABLE = YES;
				IPHONEOS_DEPLOYMENT_TARGET = 9.0;
				MTL_ENABLE_DEBUG_INFO = YES;
				ONLY_ACTIVE_ARCH = YES;
				SDKROOT = iphoneos;
				SWIFT_ACTIVE_COMPILATION_CONDITIONS = DEBUG;
				SWIFT_OBJC_BRIDGING_HEADER = "GoPurpose/SupportingFiles/GoPurpose-Bridging-Header.h";
				SWIFT_OPTIMIZATION_LEVEL = "-Onone";
			};
			name = Debug;
		};
		189570031FA8A736009DC63A /* Release */ = {
			isa = XCBuildConfiguration;
			buildSettings = {
				ALWAYS_SEARCH_USER_PATHS = NO;
				CLANG_ANALYZER_NONNULL = YES;
				CLANG_ANALYZER_NUMBER_OBJECT_CONVERSION = YES_AGGRESSIVE;
				CLANG_CXX_LANGUAGE_STANDARD = "gnu++14";
				CLANG_CXX_LIBRARY = "libc++";
				CLANG_ENABLE_MODULES = YES;
				CLANG_ENABLE_OBJC_ARC = YES;
				CLANG_WARN_BLOCK_CAPTURE_AUTORELEASING = YES;
				CLANG_WARN_BOOL_CONVERSION = YES;
				CLANG_WARN_COMMA = YES;
				CLANG_WARN_CONSTANT_CONVERSION = YES;
				CLANG_WARN_DIRECT_OBJC_ISA_USAGE = YES_ERROR;
				CLANG_WARN_DOCUMENTATION_COMMENTS = YES;
				CLANG_WARN_EMPTY_BODY = YES;
				CLANG_WARN_ENUM_CONVERSION = YES;
				CLANG_WARN_INFINITE_RECURSION = YES;
				CLANG_WARN_INT_CONVERSION = YES;
				CLANG_WARN_NON_LITERAL_NULL_CONVERSION = YES;
				CLANG_WARN_OBJC_LITERAL_CONVERSION = YES;
				CLANG_WARN_OBJC_ROOT_CLASS = YES_ERROR;
				CLANG_WARN_RANGE_LOOP_ANALYSIS = YES;
				CLANG_WARN_STRICT_PROTOTYPES = YES;
				CLANG_WARN_SUSPICIOUS_MOVE = YES;
				CLANG_WARN_UNGUARDED_AVAILABILITY = YES_AGGRESSIVE;
				CLANG_WARN_UNREACHABLE_CODE = YES;
				CLANG_WARN__DUPLICATE_METHOD_MATCH = YES;
				CODE_SIGN_IDENTITY = "iPhone Developer";
				COPY_PHASE_STRIP = NO;
				DEBUG_INFORMATION_FORMAT = "dwarf-with-dsym";
				ENABLE_NS_ASSERTIONS = NO;
				ENABLE_STRICT_OBJC_MSGSEND = YES;
				GCC_C_LANGUAGE_STANDARD = gnu11;
				GCC_NO_COMMON_BLOCKS = YES;
				GCC_PREFIX_HEADER = "";
				GCC_WARN_64_TO_32_BIT_CONVERSION = YES;
				GCC_WARN_ABOUT_RETURN_TYPE = YES_ERROR;
				GCC_WARN_UNDECLARED_SELECTOR = YES;
				GCC_WARN_UNINITIALIZED_AUTOS = YES_AGGRESSIVE;
				GCC_WARN_UNUSED_FUNCTION = YES;
				GCC_WARN_UNUSED_VARIABLE = YES;
				IPHONEOS_DEPLOYMENT_TARGET = 9.0;
				MTL_ENABLE_DEBUG_INFO = NO;
				SDKROOT = iphoneos;
				SWIFT_OBJC_BRIDGING_HEADER = "GoPurpose/SupportingFiles/GoPurpose-Bridging-Header.h";
				SWIFT_OPTIMIZATION_LEVEL = "-Owholemodule";
				VALIDATE_PRODUCT = YES;
			};
			name = Release;
		};
		189570051FA8A736009DC63A /* Debug */ = {
			isa = XCBuildConfiguration;
			baseConfigurationReference = 4A3F82356D05E80B9AED8C77 /* Pods-GoPurpose.debug.xcconfig */;
			buildSettings = {
				ASSETCATALOG_COMPILER_APPICON_NAME = AppIcon;
				CLANG_ENABLE_MODULES = YES;
				CODE_SIGN_ENTITLEMENTS = GoPurpose/GoPurpose.entitlements;
				"CODE_SIGN_IDENTITY[sdk=iphoneos*]" = "iPhone Distribution";
				CODE_SIGN_STYLE = Manual;
				DEVELOPMENT_TEAM = M8A7BYS443;
				FRAMEWORK_SEARCH_PATHS = (
					"$(inherited)",
					"$(PROJECT_DIR)/GoPurpose/SupportingFiles/Frameworks",
					"$(PROJECT_DIR)/GoPurpose/SupportingFiles/Zopim/Framework",
				);
				GCC_PREFIX_HEADER = "";
				INFOPLIST_FILE = GoPurpose/Info.plist;
				IPHONEOS_DEPLOYMENT_TARGET = 9.0;
				LD_RUNPATH_SEARCH_PATHS = "$(inherited) @executable_path/Frameworks";
				PRODUCT_BUNDLE_IDENTIFIER = com.ranosys.GoPurpose;
				PRODUCT_NAME = "$(TARGET_NAME)";
				PROVISIONING_PROFILE = "1ed5249b-52f7-4b01-a98c-20720ecee120";
				PROVISIONING_PROFILE_SPECIFIER = GoPurpose_inhouse_9Nov_2017;
				SWIFT_OBJC_BRIDGING_HEADER = "GoPurpose/SupportingFiles/GoPurpose-Bridging-Header.h";
				SWIFT_OPTIMIZATION_LEVEL = "-Onone";
				SWIFT_VERSION = 4.0;
				TARGETED_DEVICE_FAMILY = 1;
			};
			name = Debug;
		};
		189570061FA8A736009DC63A /* Release */ = {
			isa = XCBuildConfiguration;
			baseConfigurationReference = BABAA438305808A98519197A /* Pods-GoPurpose.release.xcconfig */;
			buildSettings = {
				ASSETCATALOG_COMPILER_APPICON_NAME = AppIcon;
				CLANG_ENABLE_MODULES = YES;
				CODE_SIGN_ENTITLEMENTS = GoPurpose/GoPurpose.entitlements;
				"CODE_SIGN_IDENTITY[sdk=iphoneos*]" = "iPhone Distribution";
				CODE_SIGN_STYLE = Manual;
				DEVELOPMENT_TEAM = M8A7BYS443;
				FRAMEWORK_SEARCH_PATHS = (
					"$(inherited)",
					"$(PROJECT_DIR)/GoPurpose/SupportingFiles/Frameworks",
					"$(PROJECT_DIR)/GoPurpose/SupportingFiles/Zopim/Framework",
				);
				GCC_PREFIX_HEADER = "";
				INFOPLIST_FILE = GoPurpose/Info.plist;
				IPHONEOS_DEPLOYMENT_TARGET = 9.0;
				LD_RUNPATH_SEARCH_PATHS = "$(inherited) @executable_path/Frameworks";
				PRODUCT_BUNDLE_IDENTIFIER = com.ranosys.GoPurpose;
				PRODUCT_NAME = "$(TARGET_NAME)";
				PROVISIONING_PROFILE = "1ed5249b-52f7-4b01-a98c-20720ecee120";
				PROVISIONING_PROFILE_SPECIFIER = GoPurpose_inhouse_9Nov_2017;
				SWIFT_OBJC_BRIDGING_HEADER = "GoPurpose/SupportingFiles/GoPurpose-Bridging-Header.h";
				SWIFT_VERSION = 4.0;
				TARGETED_DEVICE_FAMILY = 1;
			};
			name = Release;
		};
/* End XCBuildConfiguration section */

/* Begin XCConfigurationList section */
		18956FED1FA8A736009DC63A /* Build configuration list for PBXProject "GoPurpose" */ = {
			isa = XCConfigurationList;
			buildConfigurations = (
				189570021FA8A736009DC63A /* Debug */,
				189570031FA8A736009DC63A /* Release */,
			);
			defaultConfigurationIsVisible = 0;
			defaultConfigurationName = Release;
		};
		189570041FA8A736009DC63A /* Build configuration list for PBXNativeTarget "GoPurpose" */ = {
			isa = XCConfigurationList;
			buildConfigurations = (
				189570051FA8A736009DC63A /* Debug */,
				189570061FA8A736009DC63A /* Release */,
			);
			defaultConfigurationIsVisible = 0;
			defaultConfigurationName = Release;
		};
/* End XCConfigurationList section */
	};
	rootObject = 18956FEA1FA8A736009DC63A /* Project object */;
}
