// !$*UTF8*$!
{
	archiveVersion = 1;
	classes = {
	};
	objectVersion = 46;
	objects = {

/* Begin PBXBuildFile section */
		32BAA62C1F13623C0015E355 /* main.m in Sources */ = {isa = PBXBuildFile; fileRef = 32BAA62B1F13623C0015E355 /* main.m */; };
		32BAA62F1F13623C0015E355 /* AppDelegate.m in Sources */ = {isa = PBXBuildFile; fileRef = 32BAA62E1F13623C0015E355 /* AppDelegate.m */; };
		32BAA6321F13623C0015E355 /* ViewController.m in Sources */ = {isa = PBXBuildFile; fileRef = 32BAA6311F13623C0015E355 /* ViewController.m */; };
		32BAA6351F13623C0015E355 /* Main.storyboard in Resources */ = {isa = PBXBuildFile; fileRef = 32BAA6331F13623C0015E355 /* Main.storyboard */; };
		32BAA6371F13623C0015E355 /* Assets.xcassets in Resources */ = {isa = PBXBuildFile; fileRef = 32BAA6361F13623C0015E355 /* Assets.xcassets */; };
		32BAA63A1F13623C0015E355 /* LaunchScreen.storyboard in Resources */ = {isa = PBXBuildFile; fileRef = 32BAA6381F13623C0015E355 /* LaunchScreen.storyboard */; };
		351321E70FB88194280A3FE1 /* libPods-GoPurpose.a in Frameworks */ = {isa = PBXBuildFile; fileRef = 3AD7A5EE48615503B661FDD9 /* libPods-GoPurpose.a */; };
/* End PBXBuildFile section */

/* Begin PBXFileReference section */
		32BAA6271F13623C0015E355 /* GoPurpose.app */ = {isa = PBXFileReference; explicitFileType = wrapper.application; includeInIndex = 0; path = GoPurpose.app; sourceTree = BUILT_PRODUCTS_DIR; };
		32BAA62B1F13623C0015E355 /* main.m */ = {isa = PBXFileReference; lastKnownFileType = sourcecode.c.objc; path = main.m; sourceTree = "<group>"; };
		32BAA62D1F13623C0015E355 /* AppDelegate.h */ = {isa = PBXFileReference; lastKnownFileType = sourcecode.c.h; path = AppDelegate.h; sourceTree = "<group>"; };
		32BAA62E1F13623C0015E355 /* AppDelegate.m */ = {isa = PBXFileReference; lastKnownFileType = sourcecode.c.objc; path = AppDelegate.m; sourceTree = "<group>"; };
		32BAA6301F13623C0015E355 /* ViewController.h */ = {isa = PBXFileReference; lastKnownFileType = sourcecode.c.h; path = ViewController.h; sourceTree = "<group>"; };
		32BAA6311F13623C0015E355 /* ViewController.m */ = {isa = PBXFileReference; lastKnownFileType = sourcecode.c.objc; path = ViewController.m; sourceTree = "<group>"; };
		32BAA6341F13623C0015E355 /* Base */ = {isa = PBXFileReference; lastKnownFileType = file.storyboard; name = Base; path = Base.lproj/Main.storyboard; sourceTree = "<group>"; };
		32BAA6361F13623C0015E355 /* Assets.xcassets */ = {isa = PBXFileReference; lastKnownFileType = folder.assetcatalog; path = Assets.xcassets; sourceTree = "<group>"; };
		32BAA6391F13623C0015E355 /* Base */ = {isa = PBXFileReference; lastKnownFileType = file.storyboard; name = Base; path = Base.lproj/LaunchScreen.storyboard; sourceTree = "<group>"; };
		32BAA63B1F13623C0015E355 /* Info.plist */ = {isa = PBXFileReference; lastKnownFileType = text.plist.xml; path = Info.plist; sourceTree = "<group>"; };
		3AD7A5EE48615503B661FDD9 /* libPods-GoPurpose.a */ = {isa = PBXFileReference; explicitFileType = archive.ar; includeInIndex = 0; path = "libPods-GoPurpose.a"; sourceTree = BUILT_PRODUCTS_DIR; };
		42A502EA4A1ECC89E2F6D5B8 /* Pods-GoPurpose.debug.xcconfig */ = {isa = PBXFileReference; includeInIndex = 1; lastKnownFileType = text.xcconfig; name = "Pods-GoPurpose.debug.xcconfig"; path = "Pods/Target Support Files/Pods-GoPurpose/Pods-GoPurpose.debug.xcconfig"; sourceTree = "<group>"; };
		B85D610C6AD90FCBF1AA596C /* Pods-GoPurpose.release.xcconfig */ = {isa = PBXFileReference; includeInIndex = 1; lastKnownFileType = text.xcconfig; name = "Pods-GoPurpose.release.xcconfig"; path = "Pods/Target Support Files/Pods-GoPurpose/Pods-GoPurpose.release.xcconfig"; sourceTree = "<group>"; };
/* End PBXFileReference section */

/* Begin PBXFrameworksBuildPhase section */
		32BAA6241F13623C0015E355 /* Frameworks */ = {
			isa = PBXFrameworksBuildPhase;
			buildActionMask = 2147483647;
			files = (
				351321E70FB88194280A3FE1 /* libPods-GoPurpose.a in Frameworks */,
			);
			runOnlyForDeploymentPostprocessing = 0;
		};
/* End PBXFrameworksBuildPhase section */

/* Begin PBXGroup section */
		32BAA61E1F13623C0015E355 = {
			isa = PBXGroup;
			children = (
				32BAA6291F13623C0015E355 /* GoPurpose */,
				32BAA6281F13623C0015E355 /* Products */,
				E46E304ED194226E3BF25322 /* Pods */,
				C47FBB161314DFB23BD285B9 /* Frameworks */,
			);
			sourceTree = "<group>";
		};
		32BAA6281F13623C0015E355 /* Products */ = {
			isa = PBXGroup;
			children = (
				32BAA6271F13623C0015E355 /* GoPurpose.app */,
			);
			name = Products;
			sourceTree = "<group>";
		};
		32BAA6291F13623C0015E355 /* GoPurpose */ = {
			isa = PBXGroup;
			children = (
				32BAA62D1F13623C0015E355 /* AppDelegate.h */,
				32BAA62E1F13623C0015E355 /* AppDelegate.m */,
				32BAA6301F13623C0015E355 /* ViewController.h */,
				32BAA6311F13623C0015E355 /* ViewController.m */,
				32BAA6331F13623C0015E355 /* Main.storyboard */,
				32BAA6361F13623C0015E355 /* Assets.xcassets */,
				32BAA6381F13623C0015E355 /* LaunchScreen.storyboard */,
				32BAA63B1F13623C0015E355 /* Info.plist */,
				32BAA62A1F13623C0015E355 /* Supporting Files */,
			);
			path = GoPurpose;
			sourceTree = "<group>";
		};
		32BAA62A1F13623C0015E355 /* Supporting Files */ = {
			isa = PBXGroup;
			children = (
				32BAA62B1F13623C0015E355 /* main.m */,
			);
			name = "Supporting Files";
			sourceTree = "<group>";
		};
		C47FBB161314DFB23BD285B9 /* Frameworks */ = {
			isa = PBXGroup;
			children = (
				3AD7A5EE48615503B661FDD9 /* libPods-GoPurpose.a */,
			);
			name = Frameworks;
			sourceTree = "<group>";
		};
		E46E304ED194226E3BF25322 /* Pods */ = {
			isa = PBXGroup;
			children = (
				42A502EA4A1ECC89E2F6D5B8 /* Pods-GoPurpose.debug.xcconfig */,
				B85D610C6AD90FCBF1AA596C /* Pods-GoPurpose.release.xcconfig */,
			);
			name = Pods;
			sourceTree = "<group>";
		};
/* End PBXGroup section */

/* Begin PBXNativeTarget section */
		32BAA6261F13623C0015E355 /* GoPurpose */ = {
			isa = PBXNativeTarget;
			buildConfigurationList = 32BAA63E1F13623C0015E355 /* Build configuration list for PBXNativeTarget "GoPurpose" */;
			buildPhases = (
				29DF6CC32C6348B060C56A7E /* [CP] Check Pods Manifest.lock */,
				32BAA6231F13623C0015E355 /* Sources */,
				32BAA6241F13623C0015E355 /* Frameworks */,
				32BAA6251F13623C0015E355 /* Resources */,
				B7FBFA43ED39EE9A6B06C350 /* [CP] Embed Pods Frameworks */,
				7F8C267A8C092438927CF322 /* [CP] Copy Pods Resources */,
			);
			buildRules = (
			);
			dependencies = (
			);
			name = GoPurpose;
			productName = GoPurpose;
			productReference = 32BAA6271F13623C0015E355 /* GoPurpose.app */;
			productType = "com.apple.product-type.application";
		};
/* End PBXNativeTarget section */

/* Begin PBXProject section */
		32BAA61F1F13623C0015E355 /* Project object */ = {
			isa = PBXProject;
			attributes = {
				LastUpgradeCheck = 0830;
				ORGANIZATIONNAME = "Hemlata Khajanchi";
				TargetAttributes = {
					32BAA6261F13623C0015E355 = {
						CreatedOnToolsVersion = 8.3.2;
						ProvisioningStyle = Automatic;
					};
				};
			};
			buildConfigurationList = 32BAA6221F13623C0015E355 /* Build configuration list for PBXProject "GoPurpose" */;
			compatibilityVersion = "Xcode 3.2";
			developmentRegion = English;
			hasScannedForEncodings = 0;
			knownRegions = (
				en,
				Base,
			);
			mainGroup = 32BAA61E1F13623C0015E355;
			productRefGroup = 32BAA6281F13623C0015E355 /* Products */;
			projectDirPath = "";
			projectRoot = "";
			targets = (
				32BAA6261F13623C0015E355 /* GoPurpose */,
			);
		};
/* End PBXProject section */

/* Begin PBXResourcesBuildPhase section */
		32BAA6251F13623C0015E355 /* Resources */ = {
			isa = PBXResourcesBuildPhase;
			buildActionMask = 2147483647;
			files = (
				32BAA63A1F13623C0015E355 /* LaunchScreen.storyboard in Resources */,
				32BAA6371F13623C0015E355 /* Assets.xcassets in Resources */,
				32BAA6351F13623C0015E355 /* Main.storyboard in Resources */,
			);
			runOnlyForDeploymentPostprocessing = 0;
		};
/* End PBXResourcesBuildPhase section */

/* Begin PBXShellScriptBuildPhase section */
		29DF6CC32C6348B060C56A7E /* [CP] Check Pods Manifest.lock */ = {
			isa = PBXShellScriptBuildPhase;
			buildActionMask = 2147483647;
			files = (
			);
			inputPaths = (
			);
			name = "[CP] Check Pods Manifest.lock";
			outputPaths = (
			);
			runOnlyForDeploymentPostprocessing = 0;
			shellPath = /bin/sh;
			shellScript = "diff \"${PODS_PODFILE_DIR_PATH}/Podfile.lock\" \"${PODS_ROOT}/Manifest.lock\" > /dev/null\nif [ $? != 0 ] ; then\n    # print error to STDERR\n    echo \"error: The sandbox is not in sync with the Podfile.lock. Run 'pod install' or update your CocoaPods installation.\" >&2\n    exit 1\nfi\n";
			showEnvVarsInLog = 0;
		};
		7F8C267A8C092438927CF322 /* [CP] Copy Pods Resources */ = {
			isa = PBXShellScriptBuildPhase;
			buildActionMask = 2147483647;
			files = (
			);
			inputPaths = (
			);
			name = "[CP] Copy Pods Resources";
			outputPaths = (
			);
			runOnlyForDeploymentPostprocessing = 0;
			shellPath = /bin/sh;
			shellScript = "\"${SRCROOT}/Pods/Target Support Files/Pods-GoPurpose/Pods-GoPurpose-resources.sh\"\n";
			showEnvVarsInLog = 0;
		};
		B7FBFA43ED39EE9A6B06C350 /* [CP] Embed Pods Frameworks */ = {
			isa = PBXShellScriptBuildPhase;
			buildActionMask = 2147483647;
			files = (
			);
			inputPaths = (
			);
			name = "[CP] Embed Pods Frameworks";
			outputPaths = (
			);
			runOnlyForDeploymentPostprocessing = 0;
			shellPath = /bin/sh;
			shellScript = "\"${SRCROOT}/Pods/Target Support Files/Pods-GoPurpose/Pods-GoPurpose-frameworks.sh\"\n";
			showEnvVarsInLog = 0;
		};
/* End PBXShellScriptBuildPhase section */

/* Begin PBXSourcesBuildPhase section */
		32BAA6231F13623C0015E355 /* Sources */ = {
			isa = PBXSourcesBuildPhase;
			buildActionMask = 2147483647;
			files = (
				32BAA6321F13623C0015E355 /* ViewController.m in Sources */,
				32BAA62F1F13623C0015E355 /* AppDelegate.m in Sources */,
				32BAA62C1F13623C0015E355 /* main.m in Sources */,
			);
			runOnlyForDeploymentPostprocessing = 0;
		};
/* End PBXSourcesBuildPhase section */

/* Begin PBXVariantGroup section */
		32BAA6331F13623C0015E355 /* Main.storyboard */ = {
			isa = PBXVariantGroup;
			children = (
				32BAA6341F13623C0015E355 /* Base */,
			);
			name = Main.storyboard;
			sourceTree = "<group>";
		};
		32BAA6381F13623C0015E355 /* LaunchScreen.storyboard */ = {
			isa = PBXVariantGroup;
			children = (
				32BAA6391F13623C0015E355 /* Base */,
			);
			name = LaunchScreen.storyboard;
			sourceTree = "<group>";
		};
/* End PBXVariantGroup section */

/* Begin XCBuildConfiguration section */
		32BAA63C1F13623C0015E355 /* Debug */ = {
			isa = XCBuildConfiguration;
			buildSettings = {
				ALWAYS_SEARCH_USER_PATHS = NO;
				CLANG_ANALYZER_NONNULL = YES;
				CLANG_ANALYZER_NUMBER_OBJECT_CONVERSION = YES_AGGRESSIVE;
				CLANG_CXX_LANGUAGE_STANDARD = "gnu++0x";
				CLANG_CXX_LIBRARY = "libc++";
				CLANG_ENABLE_MODULES = YES;
				CLANG_ENABLE_OBJC_ARC = YES;
				CLANG_WARN_BOOL_CONVERSION = YES;
				CLANG_WARN_CONSTANT_CONVERSION = YES;
				CLANG_WARN_DIRECT_OBJC_ISA_USAGE = YES_ERROR;
				CLANG_WARN_DOCUMENTATION_COMMENTS = YES;
				CLANG_WARN_EMPTY_BODY = YES;
				CLANG_WARN_ENUM_CONVERSION = YES;
				CLANG_WARN_INFINITE_RECURSION = YES;
				CLANG_WARN_INT_CONVERSION = YES;
				CLANG_WARN_OBJC_ROOT_CLASS = YES_ERROR;
				CLANG_WARN_SUSPICIOUS_MOVE = YES;
				CLANG_WARN_UNREACHABLE_CODE = YES;
				CLANG_WARN__DUPLICATE_METHOD_MATCH = YES;
				"CODE_SIGN_IDENTITY[sdk=iphoneos*]" = "iPhone Developer";
				COPY_PHASE_STRIP = NO;
				DEBUG_INFORMATION_FORMAT = dwarf;
				ENABLE_STRICT_OBJC_MSGSEND = YES;
				ENABLE_TESTABILITY = YES;
				GCC_C_LANGUAGE_STANDARD = gnu99;
				GCC_DYNAMIC_NO_PIC = NO;
				GCC_NO_COMMON_BLOCKS = YES;
				GCC_OPTIMIZATION_LEVEL = 0;
				GCC_PREPROCESSOR_DEFINITIONS = (
					"DEBUG=1",
					"$(inherited)",
				);
				GCC_WARN_64_TO_32_BIT_CONVERSION = YES;
				GCC_WARN_ABOUT_RETURN_TYPE = YES_ERROR;
				GCC_WARN_UNDECLARED_SELECTOR = YES;
				GCC_WARN_UNINITIALIZED_AUTOS = YES_AGGRESSIVE;
				GCC_WARN_UNUSED_FUNCTION = YES;
				GCC_WARN_UNUSED_VARIABLE = YES;
				IPHONEOS_DEPLOYMENT_TARGET = 10.3;
				MTL_ENABLE_DEBUG_INFO = YES;
				ONLY_ACTIVE_ARCH = YES;
				SDKROOT = iphoneos;
			};
			name = Debug;
		};
		32BAA63D1F13623C0015E355 /* Release */ = {
			isa = XCBuildConfiguration;
			buildSettings = {
				ALWAYS_SEARCH_USER_PATHS = NO;
				CLANG_ANALYZER_NONNULL = YES;
				CLANG_ANALYZER_NUMBER_OBJECT_CONVERSION = YES_AGGRESSIVE;
				CLANG_CXX_LANGUAGE_STANDARD = "gnu++0x";
				CLANG_CXX_LIBRARY = "libc++";
				CLANG_ENABLE_MODULES = YES;
				CLANG_ENABLE_OBJC_ARC = YES;
				CLANG_WARN_BOOL_CONVERSION = YES;
				CLANG_WARN_CONSTANT_CONVERSION = YES;
				CLANG_WARN_DIRECT_OBJC_ISA_USAGE = YES_ERROR;
				CLANG_WARN_DOCUMENTATION_COMMENTS = YES;
				CLANG_WARN_EMPTY_BODY = YES;
				CLANG_WARN_ENUM_CONVERSION = YES;
				CLANG_WARN_INFINITE_RECURSION = YES;
				CLANG_WARN_INT_CONVERSION = YES;
				CLANG_WARN_OBJC_ROOT_CLASS = YES_ERROR;
				CLANG_WARN_SUSPICIOUS_MOVE = YES;
				CLANG_WARN_UNREACHABLE_CODE = YES;
				CLANG_WARN__DUPLICATE_METHOD_MATCH = YES;
				"CODE_SIGN_IDENTITY[sdk=iphoneos*]" = "iPhone Developer";
				COPY_PHASE_STRIP = NO;
				DEBUG_INFORMATION_FORMAT = "dwarf-with-dsym";
				ENABLE_NS_ASSERTIONS = NO;
				ENABLE_STRICT_OBJC_MSGSEND = YES;
				GCC_C_LANGUAGE_STANDARD = gnu99;
				GCC_NO_COMMON_BLOCKS = YES;
				GCC_WARN_64_TO_32_BIT_CONVERSION = YES;
				GCC_WARN_ABOUT_RETURN_TYPE = YES_ERROR;
				GCC_WARN_UNDECLARED_SELECTOR = YES;
				GCC_WARN_UNINITIALIZED_AUTOS = YES_AGGRESSIVE;
				GCC_WARN_UNUSED_FUNCTION = YES;
				GCC_WARN_UNUSED_VARIABLE = YES;
				IPHONEOS_DEPLOYMENT_TARGET = 10.3;
				MTL_ENABLE_DEBUG_INFO = NO;
				SDKROOT = iphoneos;
				VALIDATE_PRODUCT = YES;
			};
			name = Release;
		};
		32BAA63F1F13623C0015E355 /* Debug */ = {
			isa = XCBuildConfiguration;
			baseConfigurationReference = 42A502EA4A1ECC89E2F6D5B8 /* Pods-GoPurpose.debug.xcconfig */;
			buildSettings = {
				ASSETCATALOG_COMPILER_APPICON_NAME = AppIcon;
				INFOPLIST_FILE = GoPurpose/Info.plist;
				IPHONEOS_DEPLOYMENT_TARGET = 8.0;
				LD_RUNPATH_SEARCH_PATHS = "$(inherited) @executable_path/Frameworks";
				PRODUCT_BUNDLE_IDENTIFIER = Ranosys.GoPurpose;
				PRODUCT_NAME = "$(TARGET_NAME)";
			};
			name = Debug;
		};
		32BAA6401F13623C0015E355 /* Release */ = {
			isa = XCBuildConfiguration;
			baseConfigurationReference = B85D610C6AD90FCBF1AA596C /* Pods-GoPurpose.release.xcconfig */;
			buildSettings = {
				ASSETCATALOG_COMPILER_APPICON_NAME = AppIcon;
				INFOPLIST_FILE = GoPurpose/Info.plist;
				IPHONEOS_DEPLOYMENT_TARGET = 8.0;
				LD_RUNPATH_SEARCH_PATHS = "$(inherited) @executable_path/Frameworks";
				PRODUCT_BUNDLE_IDENTIFIER = Ranosys.GoPurpose;
				PRODUCT_NAME = "$(TARGET_NAME)";
			};
			name = Release;
		};
/* End XCBuildConfiguration section */

/* Begin XCConfigurationList section */
		32BAA6221F13623C0015E355 /* Build configuration list for PBXProject "GoPurpose" */ = {
			isa = XCConfigurationList;
			buildConfigurations = (
				32BAA63C1F13623C0015E355 /* Debug */,
				32BAA63D1F13623C0015E355 /* Release */,
			);
			defaultConfigurationIsVisible = 0;
			defaultConfigurationName = Release;
		};
		32BAA63E1F13623C0015E355 /* Build configuration list for PBXNativeTarget "GoPurpose" */ = {
			isa = XCConfigurationList;
			buildConfigurations = (
				32BAA63F1F13623C0015E355 /* Debug */,
				32BAA6401F13623C0015E355 /* Release */,
			);
			defaultConfigurationIsVisible = 0;
			defaultConfigurationName = Release;
		};
/* End XCConfigurationList section */
	};
	rootObject = 32BAA61F1F13623C0015E355 /* Project object */;
}
